
Microsoft Visual Studio Solution File, Format Version 12.00
# Visual Studio 14
VisualStudioVersion = 14.0.25420.1
MinimumVisualStudioVersion = 10.0.40219.1
Project("{FAE04EC0-301F-11D3-BF4B-00C04F79EFBC}") = "Sensors.Atmospheric.HIH6130", "..\..\Driver\Sensors.Atmospheric.HIH6130.csproj", "{F6428AF2-EC4B-4FB7-AB15-71CCD0B67985}"
EndProject
Project("{FAE04EC0-301F-11D3-BF4B-00C04F79EFBC}") = "Netduino.Foundation", "..\..\..\..\Netduino.Foundation\Netduino.Foundation.csproj", "{BBF69390-4C62-43A3-8F2A-0EEC579F21F0}"
EndProject
Project("{FAE04EC0-301F-11D3-BF4B-00C04F79EFBC}") = "HIH6130InterruptSample", "HIH6130InterruptSample.csproj", "{1A7056DC-FF2D-4CBB-87DC-CB41AF30E550}"
EndProject
Global
	GlobalSection(SolutionConfigurationPlatforms) = preSolution
		Debug|Any CPU = Debug|Any CPU
		Debug|Mixed Platforms = Debug|Mixed Platforms
		Debug|x86 = Debug|x86
		Release|Any CPU = Release|Any CPU
		Release|Mixed Platforms = Release|Mixed Platforms
		Release|x86 = Release|x86
	EndGlobalSection
	GlobalSection(ProjectConfigurationPlatforms) = postSolution
		{F6428AF2-EC4B-4FB7-AB15-71CCD0B67985}.Debug|Any CPU.ActiveCfg = Debug|Any CPU
		{F6428AF2-EC4B-4FB7-AB15-71CCD0B67985}.Debug|Mixed Platforms.ActiveCfg = Debug|Any CPU
		{F6428AF2-EC4B-4FB7-AB15-71CCD0B67985}.Debug|Mixed Platforms.Build.0 = Debug|Any CPU
		{F6428AF2-EC4B-4FB7-AB15-71CCD0B67985}.Debug|Mixed Platforms.Deploy.0 = Debug|Any CPU
		{F6428AF2-EC4B-4FB7-AB15-71CCD0B67985}.Debug|x86.ActiveCfg = Debug|Any CPU
		{F6428AF2-EC4B-4FB7-AB15-71CCD0B67985}.Debug|x86.Build.0 = Debug|Any CPU
		{F6428AF2-EC4B-4FB7-AB15-71CCD0B67985}.Release|Any CPU.ActiveCfg = Release|Any CPU
		{F6428AF2-EC4B-4FB7-AB15-71CCD0B67985}.Release|Mixed Platforms.ActiveCfg = Release|Any CPU
		{F6428AF2-EC4B-4FB7-AB15-71CCD0B67985}.Release|Mixed Platforms.Build.0 = Release|Any CPU
		{F6428AF2-EC4B-4FB7-AB15-71CCD0B67985}.Release|x86.ActiveCfg = Release|Any CPU
		{F6428AF2-EC4B-4FB7-AB15-71CCD0B67985}.Release|x86.Build.0 = Release|Any CPU
		{BBF69390-4C62-43A3-8F2A-0EEC579F21F0}.Debug|Any CPU.ActiveCfg = Debug|Any CPU
		{BBF69390-4C62-43A3-8F2A-0EEC579F21F0}.Debug|Any CPU.Build.0 = Debug|Any CPU
		{BBF69390-4C62-43A3-8F2A-0EEC579F21F0}.Debug|Mixed Platforms.ActiveCfg = Debug|Any CPU
		{BBF69390-4C62-43A3-8F2A-0EEC579F21F0}.Debug|Mixed Platforms.Build.0 = Debug|Any CPU
		{BBF69390-4C62-43A3-8F2A-0EEC579F21F0}.Debug|Mixed Platforms.Deploy.0 = Debug|Any CPU
		{BBF69390-4C62-43A3-8F2A-0EEC579F21F0}.Debug|x86.ActiveCfg = Debug|Any CPU
		{BBF69390-4C62-43A3-8F2A-0EEC579F21F0}.Release|Any CPU.ActiveCfg = Release|Any CPU
		{BBF69390-4C62-43A3-8F2A-0EEC579F21F0}.Release|Any CPU.Build.0 = Release|Any CPU
		{BBF69390-4C62-43A3-8F2A-0EEC579F21F0}.Release|Mixed Platforms.ActiveCfg = Release|Any CPU
		{BBF69390-4C62-43A3-8F2A-0EEC579F21F0}.Release|Mixed Platforms.Build.0 = Release|Any CPU
		{BBF69390-4C62-43A3-8F2A-0EEC579F21F0}.Release|x86.ActiveCfg = Release|Any CPU
		{1A7056DC-FF2D-4CBB-87DC-CB41AF30E550}.Debug|Any CPU.ActiveCfg = Debug|Any CPU
		{1A7056DC-FF2D-4CBB-87DC-CB41AF30E550}.Debug|Any CPU.Build.0 = Debug|Any CPU
		{1A7056DC-FF2D-4CBB-87DC-CB41AF30E550}.Debug|Any CPU.Deploy.0 = Debug|Any CPU
		{1A7056DC-FF2D-4CBB-87DC-CB41AF30E550}.Debug|Mixed Platforms.ActiveCfg = Debug|Any CPU
		{1A7056DC-FF2D-4CBB-87DC-CB41AF30E550}.Debug|Mixed Platforms.Build.0 = Debug|Any CPU
		{1A7056DC-FF2D-4CBB-87DC-CB41AF30E550}.Debug|Mixed Platforms.Deploy.0 = Debug|Any CPU
		{1A7056DC-FF2D-4CBB-87DC-CB41AF30E550}.Debug|x86.ActiveCfg = Debug|Any CPU
		{1A7056DC-FF2D-4CBB-87DC-CB41AF30E550}.Debug|x86.Build.0 = Debug|Any CPU
		{1A7056DC-FF2D-4CBB-87DC-CB41AF30E550}.Debug|x86.Deploy.0 = Debug|Any CPU
		{1A7056DC-FF2D-4CBB-87DC-CB41AF30E550}.Release|Any CPU.ActiveCfg = Release|Any CPU
		{1A7056DC-FF2D-4CBB-87DC-CB41AF30E550}.Release|Any CPU.Build.0 = Release|Any CPU
		{1A7056DC-FF2D-4CBB-87DC-CB41AF30E550}.Release|Any CPU.Deploy.0 = Release|Any CPU
		{1A7056DC-FF2D-4CBB-87DC-CB41AF30E550}.Release|Mixed Platforms.ActiveCfg = Release|Any CPU
		{1A7056DC-FF2D-4CBB-87DC-CB41AF30E550}.Release|Mixed Platforms.Build.0 = Release|Any CPU
		{1A7056DC-FF2D-4CBB-87DC-CB41AF30E550}.Release|Mixed Platforms.Deploy.0 = Release|Any CPU
		{1A7056DC-FF2D-4CBB-87DC-CB41AF30E550}.Release|x86.ActiveCfg = Release|Any CPU
		{1A7056DC-FF2D-4CBB-87DC-CB41AF30E550}.Release|x86.Build.0 = Release|Any CPU
		{1A7056DC-FF2D-4CBB-87DC-CB41AF30E550}.Release|x86.Deploy.0 = Release|Any CPU
	EndGlobalSection
	GlobalSection(SolutionProperties) = preSolution
		HideSolutionNode = FALSE
	EndGlobalSection
EndGlobal
