
Microsoft Visual Studio Solution File, Format Version 12.00
# Visual Studio 14
VisualStudioVersion = 14.0.25420.1
MinimumVisualStudioVersion = 10.0.40219.1
Project("{FAE04EC0-301F-11D3-BF4B-00C04F79EFBC}") = "SI7021PollingSample", "SI7021PollingSample.csproj", "{44287313-38CD-44D1-9A4F-4BFB084EB445}"
EndProject
Project("{FAE04EC0-301F-11D3-BF4B-00C04F79EFBC}") = "Sensors.Atmospheric.SI7021", "..\..\Driver\Sensors.Atmospheric.SI7021.csproj", "{46810344-EB9D-47DD-A7F1-CAD71E702B59}"
EndProject
Project("{FAE04EC0-301F-11D3-BF4B-00C04F79EFBC}") = "Netduino.Foundation", "..\..\..\..\Netduino.Foundation\Netduino.Foundation.csproj", "{BBF69390-4C62-43A3-8F2A-0EEC579F21F0}"
EndProject
Global
	GlobalSection(SolutionConfigurationPlatforms) = preSolution
		Debug|Any CPU = Debug|Any CPU
		Debug|x86 = Debug|x86
		Release|Any CPU = Release|Any CPU
		Release|x86 = Release|x86
	EndGlobalSection
	GlobalSection(ProjectConfigurationPlatforms) = postSolution
		{44287313-38CD-44D1-9A4F-4BFB084EB445}.Debug|Any CPU.ActiveCfg = Debug|Any CPU
		{44287313-38CD-44D1-9A4F-4BFB084EB445}.Debug|Any CPU.Build.0 = Debug|Any CPU
		{44287313-38CD-44D1-9A4F-4BFB084EB445}.Debug|Any CPU.Deploy.0 = Debug|Any CPU
		{44287313-38CD-44D1-9A4F-4BFB084EB445}.Debug|x86.ActiveCfg = Debug|Any CPU
		{44287313-38CD-44D1-9A4F-4BFB084EB445}.Debug|x86.Build.0 = Debug|Any CPU
		{44287313-38CD-44D1-9A4F-4BFB084EB445}.Debug|x86.Deploy.0 = Debug|Any CPU
		{44287313-38CD-44D1-9A4F-4BFB084EB445}.Release|Any CPU.ActiveCfg = Release|Any CPU
		{44287313-38CD-44D1-9A4F-4BFB084EB445}.Release|Any CPU.Build.0 = Release|Any CPU
		{44287313-38CD-44D1-9A4F-4BFB084EB445}.Release|Any CPU.Deploy.0 = Release|Any CPU
		{44287313-38CD-44D1-9A4F-4BFB084EB445}.Release|x86.ActiveCfg = Release|Any CPU
		{44287313-38CD-44D1-9A4F-4BFB084EB445}.Release|x86.Build.0 = Release|Any CPU
		{44287313-38CD-44D1-9A4F-4BFB084EB445}.Release|x86.Deploy.0 = Release|Any CPU
		{46810344-EB9D-47DD-A7F1-CAD71E702B59}.Debug|Any CPU.ActiveCfg = Debug|x86
		{46810344-EB9D-47DD-A7F1-CAD71E702B59}.Debug|x86.ActiveCfg = Debug|x86
		{46810344-EB9D-47DD-A7F1-CAD71E702B59}.Debug|x86.Build.0 = Debug|x86
		{46810344-EB9D-47DD-A7F1-CAD71E702B59}.Release|Any CPU.ActiveCfg = Release|x86
		{46810344-EB9D-47DD-A7F1-CAD71E702B59}.Release|x86.ActiveCfg = Release|x86
		{46810344-EB9D-47DD-A7F1-CAD71E702B59}.Release|x86.Build.0 = Release|x86
		{BBF69390-4C62-43A3-8F2A-0EEC579F21F0}.Debug|Any CPU.ActiveCfg = Debug|Any CPU
		{BBF69390-4C62-43A3-8F2A-0EEC579F21F0}.Debug|Any CPU.Build.0 = Debug|Any CPU
		{BBF69390-4C62-43A3-8F2A-0EEC579F21F0}.Debug|x86.ActiveCfg = Debug|Any CPU
		{BBF69390-4C62-43A3-8F2A-0EEC579F21F0}.Debug|x86.Build.0 = Debug|Any CPU
		{BBF69390-4C62-43A3-8F2A-0EEC579F21F0}.Release|Any CPU.ActiveCfg = Release|Any CPU
		{BBF69390-4C62-43A3-8F2A-0EEC579F21F0}.Release|Any CPU.Build.0 = Release|Any CPU
		{BBF69390-4C62-43A3-8F2A-0EEC579F21F0}.Release|x86.ActiveCfg = Release|Any CPU
		{BBF69390-4C62-43A3-8F2A-0EEC579F21F0}.Release|x86.Build.0 = Release|Any CPU
	EndGlobalSection
	GlobalSection(SolutionProperties) = preSolution
		HideSolutionNode = FALSE
	EndGlobalSection
EndGlobal
