
Microsoft Visual Studio Solution File, Format Version 12.00
# Visual Studio 2013
VisualStudioVersion = 12.0.40629.0
MinimumVisualStudioVersion = 10.0.40219.1
Project("{FAE04EC0-301F-11D3-BF4B-00C04F79EFBC}") = "BME280_Sample", "BME280_Sample.csproj", "{3CCD2F7A-E97F-4BBE-82AF-C5F356E93F9B}"
EndProject
Project("{FAE04EC0-301F-11D3-BF4B-00C04F79EFBC}") = "Sensors.Atmospheric.BME280", "..\..\Driver\Sensors.Atmospheric.BME280.csproj", "{565DC80C-9F37-4FF4-9E39-A06BF880C64C}"
EndProject
Project("{FAE04EC0-301F-11D3-BF4B-00C04F79EFBC}") = "Netduino.Foundation", "..\..\..\..\Netduino.Foundation\Netduino.Foundation.csproj", "{BBF69390-4C62-43A3-8F2A-0EEC579F21F0}"
EndProject
Global
	GlobalSection(SolutionConfigurationPlatforms) = preSolution
		Debug|Any CPU = Debug|Any CPU
		Release|Any CPU = Release|Any CPU
	EndGlobalSection
	GlobalSection(ProjectConfigurationPlatforms) = postSolution
		{3CCD2F7A-E97F-4BBE-82AF-C5F356E93F9B}.Debug|Any CPU.ActiveCfg = Debug|Any CPU
		{3CCD2F7A-E97F-4BBE-82AF-C5F356E93F9B}.Debug|Any CPU.Build.0 = Debug|Any CPU
		{3CCD2F7A-E97F-4BBE-82AF-C5F356E93F9B}.Debug|Any CPU.Deploy.0 = Debug|Any CPU
		{3CCD2F7A-E97F-4BBE-82AF-C5F356E93F9B}.Release|Any CPU.ActiveCfg = Release|Any CPU
		{3CCD2F7A-E97F-4BBE-82AF-C5F356E93F9B}.Release|Any CPU.Build.0 = Release|Any CPU
		{3CCD2F7A-E97F-4BBE-82AF-C5F356E93F9B}.Release|Any CPU.Deploy.0 = Release|Any CPU
		{565DC80C-9F37-4FF4-9E39-A06BF880C64C}.Debug|Any CPU.ActiveCfg = Debug|Any CPU
		{565DC80C-9F37-4FF4-9E39-A06BF880C64C}.Debug|Any CPU.Build.0 = Debug|Any CPU
		{565DC80C-9F37-4FF4-9E39-A06BF880C64C}.Release|Any CPU.ActiveCfg = Release|Any CPU
		{565DC80C-9F37-4FF4-9E39-A06BF880C64C}.Release|Any CPU.Build.0 = Release|Any CPU
		{BBF69390-4C62-43A3-8F2A-0EEC579F21F0}.Debug|Any CPU.ActiveCfg = Debug|Any CPU
		{BBF69390-4C62-43A3-8F2A-0EEC579F21F0}.Debug|Any CPU.Build.0 = Debug|Any CPU
		{BBF69390-4C62-43A3-8F2A-0EEC579F21F0}.Release|Any CPU.ActiveCfg = Release|Any CPU
		{BBF69390-4C62-43A3-8F2A-0EEC579F21F0}.Release|Any CPU.Build.0 = Release|Any CPU
	EndGlobalSection
	GlobalSection(SolutionProperties) = preSolution
		HideSolutionNode = FALSE
	EndGlobalSection
EndGlobal
