
Microsoft Visual Studio Solution File, Format Version 12.00
# Visual Studio 2013
VisualStudioVersion = 12.0.40629.0
MinimumVisualStudioVersion = 10.0.40219.1
Project("{FAE04EC0-301F-11D3-BF4B-00C04F79EFBC}") = "SI7021Sample", "SI7021Sample.csproj", "{83D23E6C-AE22-4601-BEF7-8CD2CC8B18F0}"
EndProject
Project("{FAE04EC0-301F-11D3-BF4B-00C04F79EFBC}") = "Netduino.Foundation", "..\..\..\..\Netduino.Foundation\Netduino.Foundation.csproj", "{BBF69390-4C62-43A3-8F2A-0EEC579F21F0}"
EndProject
Project("{FAE04EC0-301F-11D3-BF4B-00C04F79EFBC}") = "Sensors.Atmospheric.SI7021", "..\..\Driver\Sensors.Atmospheric.SI7021.csproj", "{46810344-EB9D-47DD-A7F1-CAD71E702B59}"
EndProject
Global
	GlobalSection(SolutionConfigurationPlatforms) = preSolution
		Debug|Any CPU = Debug|Any CPU
		Debug|Mixed Platforms = Debug|Mixed Platforms
		Debug|x86 = Debug|x86
		Release|Any CPU = Release|Any CPU
		Release|Mixed Platforms = Release|Mixed Platforms
		Release|x86 = Release|x86
	EndGlobalSection
	GlobalSection(ProjectConfigurationPlatforms) = postSolution
		{83D23E6C-AE22-4601-BEF7-8CD2CC8B18F0}.Debug|Any CPU.ActiveCfg = Debug|Any CPU
		{83D23E6C-AE22-4601-BEF7-8CD2CC8B18F0}.Debug|Any CPU.Build.0 = Debug|Any CPU
		{83D23E6C-AE22-4601-BEF7-8CD2CC8B18F0}.Debug|Any CPU.Deploy.0 = Debug|Any CPU
		{83D23E6C-AE22-4601-BEF7-8CD2CC8B18F0}.Debug|Mixed Platforms.ActiveCfg = Debug|Any CPU
		{83D23E6C-AE22-4601-BEF7-8CD2CC8B18F0}.Debug|Mixed Platforms.Build.0 = Debug|Any CPU
		{83D23E6C-AE22-4601-BEF7-8CD2CC8B18F0}.Debug|Mixed Platforms.Deploy.0 = Debug|Any CPU
		{83D23E6C-AE22-4601-BEF7-8CD2CC8B18F0}.Debug|x86.ActiveCfg = Debug|Any CPU
		{83D23E6C-AE22-4601-BEF7-8CD2CC8B18F0}.Release|Any CPU.ActiveCfg = Release|Any CPU
		{83D23E6C-AE22-4601-BEF7-8CD2CC8B18F0}.Release|Any CPU.Build.0 = Release|Any CPU
		{83D23E6C-AE22-4601-BEF7-8CD2CC8B18F0}.Release|Any CPU.Deploy.0 = Release|Any CPU
		{83D23E6C-AE22-4601-BEF7-8CD2CC8B18F0}.Release|Mixed Platforms.ActiveCfg = Release|Any CPU
		{83D23E6C-AE22-4601-BEF7-8CD2CC8B18F0}.Release|Mixed Platforms.Build.0 = Release|Any CPU
		{83D23E6C-AE22-4601-BEF7-8CD2CC8B18F0}.Release|Mixed Platforms.Deploy.0 = Release|Any CPU
		{83D23E6C-AE22-4601-BEF7-8CD2CC8B18F0}.Release|x86.ActiveCfg = Release|Any CPU
		{BBF69390-4C62-43A3-8F2A-0EEC579F21F0}.Debug|Any CPU.ActiveCfg = Debug|Any CPU
		{BBF69390-4C62-43A3-8F2A-0EEC579F21F0}.Debug|Any CPU.Build.0 = Debug|Any CPU
		{BBF69390-4C62-43A3-8F2A-0EEC579F21F0}.Debug|Mixed Platforms.ActiveCfg = Debug|Any CPU
		{BBF69390-4C62-43A3-8F2A-0EEC579F21F0}.Debug|Mixed Platforms.Build.0 = Debug|Any CPU
		{BBF69390-4C62-43A3-8F2A-0EEC579F21F0}.Debug|x86.ActiveCfg = Debug|Any CPU
		{BBF69390-4C62-43A3-8F2A-0EEC579F21F0}.Release|Any CPU.ActiveCfg = Release|Any CPU
		{BBF69390-4C62-43A3-8F2A-0EEC579F21F0}.Release|Any CPU.Build.0 = Release|Any CPU
		{BBF69390-4C62-43A3-8F2A-0EEC579F21F0}.Release|Mixed Platforms.ActiveCfg = Release|Any CPU
		{BBF69390-4C62-43A3-8F2A-0EEC579F21F0}.Release|Mixed Platforms.Build.0 = Release|Any CPU
		{BBF69390-4C62-43A3-8F2A-0EEC579F21F0}.Release|x86.ActiveCfg = Release|Any CPU
		{46810344-EB9D-47DD-A7F1-CAD71E702B59}.Debug|Any CPU.ActiveCfg = Debug|x86
		{46810344-EB9D-47DD-A7F1-CAD71E702B59}.Debug|Mixed Platforms.ActiveCfg = Debug|x86
		{46810344-EB9D-47DD-A7F1-CAD71E702B59}.Debug|Mixed Platforms.Build.0 = Debug|x86
		{46810344-EB9D-47DD-A7F1-CAD71E702B59}.Debug|x86.ActiveCfg = Debug|x86
		{46810344-EB9D-47DD-A7F1-CAD71E702B59}.Debug|x86.Build.0 = Debug|x86
		{46810344-EB9D-47DD-A7F1-CAD71E702B59}.Release|Any CPU.ActiveCfg = Release|x86
		{46810344-EB9D-47DD-A7F1-CAD71E702B59}.Release|Mixed Platforms.ActiveCfg = Release|x86
		{46810344-EB9D-47DD-A7F1-CAD71E702B59}.Release|Mixed Platforms.Build.0 = Release|x86
		{46810344-EB9D-47DD-A7F1-CAD71E702B59}.Release|x86.ActiveCfg = Release|x86
		{46810344-EB9D-47DD-A7F1-CAD71E702B59}.Release|x86.Build.0 = Release|x86
	EndGlobalSection
	GlobalSection(SolutionProperties) = preSolution
		HideSolutionNode = FALSE
	EndGlobalSection
EndGlobal
