
Microsoft Visual Studio Solution File, Format Version 12.00
# Visual Studio 14
VisualStudioVersion = 14.0.25420.1
MinimumVisualStudioVersion = 10.0.40219.1
Project("{FAE04EC0-301F-11D3-BF4B-00C04F79EFBC}") = "Sensors.Temperature.TMP102", "..\..\Driver\Sensors.Temperature.TMP102.csproj", "{30556790-B657-4468-8022-4EFE710C5235}"
EndProject
Project("{FAE04EC0-301F-11D3-BF4B-00C04F79EFBC}") = "Netduino.Foundation", "..\..\..\..\Netduino.Foundation\Netduino.Foundation.csproj", "{BBF69390-4C62-43A3-8F2A-0EEC579F21F0}"
EndProject
Project("{FAE04EC0-301F-11D3-BF4B-00C04F79EFBC}") = "TMP102PollingSample", "TMP102PollingSample.csproj", "{41E656E8-841F-410E-8186-96C107351B0B}"
EndProject
Global
	GlobalSection(SolutionConfigurationPlatforms) = preSolution
		Debug|Any CPU = Debug|Any CPU
		Release|Any CPU = Release|Any CPU
	EndGlobalSection
	GlobalSection(ProjectConfigurationPlatforms) = postSolution
		{30556790-B657-4468-8022-4EFE710C5235}.Debug|Any CPU.ActiveCfg = Debug|Any CPU
		{30556790-B657-4468-8022-4EFE710C5235}.Debug|Any CPU.Build.0 = Debug|Any CPU
		{30556790-B657-4468-8022-4EFE710C5235}.Release|Any CPU.ActiveCfg = Release|Any CPU
		{30556790-B657-4468-8022-4EFE710C5235}.Release|Any CPU.Build.0 = Release|Any CPU
		{BBF69390-4C62-43A3-8F2A-0EEC579F21F0}.Debug|Any CPU.ActiveCfg = Debug|Any CPU
		{BBF69390-4C62-43A3-8F2A-0EEC579F21F0}.Debug|Any CPU.Build.0 = Debug|Any CPU
		{BBF69390-4C62-43A3-8F2A-0EEC579F21F0}.Release|Any CPU.ActiveCfg = Release|Any CPU
		{BBF69390-4C62-43A3-8F2A-0EEC579F21F0}.Release|Any CPU.Build.0 = Release|Any CPU
		{41E656E8-841F-410E-8186-96C107351B0B}.Debug|Any CPU.ActiveCfg = Debug|Any CPU
		{41E656E8-841F-410E-8186-96C107351B0B}.Debug|Any CPU.Build.0 = Debug|Any CPU
		{41E656E8-841F-410E-8186-96C107351B0B}.Debug|Any CPU.Deploy.0 = Debug|Any CPU
		{41E656E8-841F-410E-8186-96C107351B0B}.Release|Any CPU.ActiveCfg = Release|Any CPU
		{41E656E8-841F-410E-8186-96C107351B0B}.Release|Any CPU.Build.0 = Release|Any CPU
		{41E656E8-841F-410E-8186-96C107351B0B}.Release|Any CPU.Deploy.0 = Release|Any CPU
	EndGlobalSection
	GlobalSection(SolutionProperties) = preSolution
		HideSolutionNode = FALSE
	EndGlobalSection
EndGlobal
