
Microsoft Visual Studio Solution File, Format Version 12.00
# Visual Studio 2013
VisualStudioVersion = 12.0.40629.0
MinimumVisualStudioVersion = 10.0.40219.1
Project("{FAE04EC0-301F-11D3-BF4B-00C04F79EFBC}") = "DancingBunny", "DancingBunny.csproj", "{C54256D2-1B63-4E11-8DE7-707536F9CCB8}"
EndProject
Project("{FAE04EC0-301F-11D3-BF4B-00C04F79EFBC}") = "Sensors.Motion.BNO055", "..\..\Driver\Sensors.Motion.BNO055.csproj", "{F8B3DE4F-9D4F-48EC-944C-31D0D81DB516}"
EndProject
Project("{FAE04EC0-301F-11D3-BF4B-00C04F79EFBC}") = "Netduino.Foundation", "..\..\..\..\Netduino.Foundation\Netduino.Foundation.csproj", "{BBF69390-4C62-43A3-8F2A-0EEC579F21F0}"
EndProject
Global
	GlobalSection(SolutionConfigurationPlatforms) = preSolution
		Debug|Any CPU = Debug|Any CPU
		Release|Any CPU = Release|Any CPU
	EndGlobalSection
	GlobalSection(ProjectConfigurationPlatforms) = postSolution
		{C54256D2-1B63-4E11-8DE7-707536F9CCB8}.Debug|Any CPU.ActiveCfg = Debug|Any CPU
		{C54256D2-1B63-4E11-8DE7-707536F9CCB8}.Debug|Any CPU.Build.0 = Debug|Any CPU
		{C54256D2-1B63-4E11-8DE7-707536F9CCB8}.Debug|Any CPU.Deploy.0 = Debug|Any CPU
		{C54256D2-1B63-4E11-8DE7-707536F9CCB8}.Release|Any CPU.ActiveCfg = Release|Any CPU
		{C54256D2-1B63-4E11-8DE7-707536F9CCB8}.Release|Any CPU.Build.0 = Release|Any CPU
		{C54256D2-1B63-4E11-8DE7-707536F9CCB8}.Release|Any CPU.Deploy.0 = Release|Any CPU
		{F8B3DE4F-9D4F-48EC-944C-31D0D81DB516}.Debug|Any CPU.ActiveCfg = Debug|Any CPU
		{F8B3DE4F-9D4F-48EC-944C-31D0D81DB516}.Debug|Any CPU.Build.0 = Debug|Any CPU
		{F8B3DE4F-9D4F-48EC-944C-31D0D81DB516}.Release|Any CPU.ActiveCfg = Release|Any CPU
		{F8B3DE4F-9D4F-48EC-944C-31D0D81DB516}.Release|Any CPU.Build.0 = Release|Any CPU
		{BBF69390-4C62-43A3-8F2A-0EEC579F21F0}.Debug|Any CPU.ActiveCfg = Debug|Any CPU
		{BBF69390-4C62-43A3-8F2A-0EEC579F21F0}.Debug|Any CPU.Build.0 = Debug|Any CPU
		{BBF69390-4C62-43A3-8F2A-0EEC579F21F0}.Release|Any CPU.ActiveCfg = Release|Any CPU
		{BBF69390-4C62-43A3-8F2A-0EEC579F21F0}.Release|Any CPU.Build.0 = Release|Any CPU
	EndGlobalSection
	GlobalSection(SolutionProperties) = preSolution
		HideSolutionNode = FALSE
	EndGlobalSection
EndGlobal
