
Microsoft Visual Studio Solution File, Format Version 12.00
# Visual Studio 14
VisualStudioVersion = 14.0.25420.1
MinimumVisualStudioVersion = 10.0.40219.1
Project("{2150E333-8FDC-42A3-9474-1A3956D46DE8}") = ".Foundation.Core", ".Foundation.Core", "{82E59041-71D9-420E-B3FE-836243B81E1E}"
EndProject
Project("{FAE04EC0-301F-11D3-BF4B-00C04F79EFBC}") = "Netduino.Foundation", "Netduino.Foundation\Netduino.Foundation.csproj", "{BBF69390-4C62-43A3-8F2A-0EEC579F21F0}"
EndProject
Project("{FAE04EC0-301F-11D3-BF4B-00C04F79EFBC}") = "Sensors.Motion.Memsic2125", "Peripheral_Libs\Sensors.Motion.Memsic2125\Driver\Sensors.Motion.Memsic2125.csproj", "{831CCCF7-8F8D-434D-809A-F2995A5B5730}"
EndProject
Project("{FAE04EC0-301F-11D3-BF4B-00C04F79EFBC}") = "Shields.AdafruitMotorShield", "Peripheral_Libs\Shields.AdafruitMotorShield\Driver\Shields.AdafruitMotorShield.csproj", "{72D2D0F4-3E30-46E3-8EF9-392DDAF77EBE}"
EndProject
Project("{FAE04EC0-301F-11D3-BF4B-00C04F79EFBC}") = "Sensors.Atmospheric.BMP085", "Peripheral_Libs\Sensors.Atmospheric.BMP085\Driver\Sensors.Atmospheric.BMP085.csproj", "{29261BF0-47B8-48FA-851F-E24158069228}"
EndProject
Project("{FAE04EC0-301F-11D3-BF4B-00C04F79EFBC}") = "Sensors.Compass.Grove3AxisDigitalCompass", "Peripheral_Libs\Sensors.Compass.Grove3AxisDigitalCompass\Driver\Sensors.Compass.Grove3AxisDigitalCompass.csproj", "{8CD6A83E-A425-417E-BD8E-8C2CFB0B4CB4}"
EndProject
Project("{FAE04EC0-301F-11D3-BF4B-00C04F79EFBC}") = "Sensors.Distance.SharpGP2D12", "Peripheral_Libs\Sensors.Distance.SharpGP2D12\Driver\Sensors.Distance.SharpGP2D12.csproj", "{105B4678-62F3-49BC-AE86-9ED8F0A00D1F}"
EndProject
Project("{FAE04EC0-301F-11D3-BF4B-00C04F79EFBC}") = "Sensors.Atmospheric.BME280", "Peripheral_Libs\Sensors.Atmospheric.BME280\Driver\Sensors.Atmospheric.BME280.csproj", "{565DC80C-9F37-4FF4-9E39-A06BF880C64C}"
EndProject
Project("{FAE04EC0-301F-11D3-BF4B-00C04F79EFBC}") = "Sensors.Light.TSL2561", "Peripheral_Libs\Sensors.Light.TSL2561\Driver\Sensors.Light.TSL2561.csproj", "{AC24642E-E6DA-47D7-B4F5-9F12F35BE78A}"
EndProject
Project("{FAE04EC0-301F-11D3-BF4B-00C04F79EFBC}") = "Sensors.Temperature.Analog", "Peripheral_Libs\Sensors.Temperature.Analog\Driver\Sensors.Temperature.Analog.csproj", "{79372BE0-C1EC-4AC7-8481-6AB20013FC35}"
EndProject
Project("{FAE04EC0-301F-11D3-BF4B-00C04F79EFBC}") = "Displays.SerialLCD", "Peripheral_Libs\Displays.SerialLCD\Driver\Displays.SerialLCD.csproj", "{D32F7103-5F7B-4880-8C80-B17570F4380D}"
EndProject
Project("{FAE04EC0-301F-11D3-BF4B-00C04F79EFBC}") = "Sensors.Atmospheric.HIH6130", "Peripheral_Libs\Sensors.Atmospheric.HIH6130\Driver\Sensors.Atmospheric.HIH6130.csproj", "{F6428AF2-EC4B-4FB7-AB15-71CCD0B67985}"
EndProject
Project("{FAE04EC0-301F-11D3-BF4B-00C04F79EFBC}") = "Sensors.Atmospheric.HTU21DF", "Peripheral_Libs\Sensors.Atmospheric.HTU21DF\Driver\Sensors.Atmospheric.HTU21DF.csproj", "{25442BC4-A47A-440D-B87B-C628BC4A9F74}"
EndProject
Project("{FAE04EC0-301F-11D3-BF4B-00C04F79EFBC}") = "Sensors.Barometric.MPL3115A2", "Peripheral_Libs\Sensors.Barometric.MPL3115A2\Driver\Sensors.Barometric.MPL3115A2.csproj", "{CEC7105C-617B-4C4F-8654-A65718AE7217}"
EndProject
Project("{FAE04EC0-301F-11D3-BF4B-00C04F79EFBC}") = "Sensors.Atmospheric.SHT31D", "Peripheral_Libs\Sensors.Atmospheric.SHT31D\Driver\Sensors.Atmospheric.SHT31D.csproj", "{FB02A7ED-4CAF-43FD-A91F-DC0EEB8597CB}"
EndProject
Project("{FAE04EC0-301F-11D3-BF4B-00C04F79EFBC}") = "Sensors.Atmospheric.SI7021", "Peripheral_Libs\Sensors.Atmospheric.SI7021\Driver\Sensors.Atmospheric.SI7021.csproj", "{46810344-EB9D-47DD-A7F1-CAD71E702B59}"
EndProject
Project("{FAE04EC0-301F-11D3-BF4B-00C04F79EFBC}") = "Sensors.Light.ALSPT19315C", "Peripheral_Libs\Sensors.Light.ALSPT19315C\Driver\Sensors.Light.ALSPT19315C.csproj", "{2F9EEB9E-D4F0-4C17-B159-D6D66410A2CC}"
EndProject
Project("{FAE04EC0-301F-11D3-BF4B-00C04F79EFBC}") = "Sensors.Motion.ADXL362", "Peripheral_Libs\Sensors.Motion.ADXL362\Driver\Sensors.Motion.ADXL362.csproj", "{A9601FA8-73EC-401D-89B1-4405F155928C}"
EndProject
Project("{FAE04EC0-301F-11D3-BF4B-00C04F79EFBC}") = "Sensors.Motion.ADXL335", "Peripheral_Libs\Sensors.Motion.ADXL335\Driver\Sensors.Motion.ADXL335.csproj", "{798D429C-E6C4-452D-922D-EC0EB23CAF13}"
EndProject
Project("{FAE04EC0-301F-11D3-BF4B-00C04F79EFBC}") = "Sensors.Motion.ADXL345", "Peripheral_Libs\Sensors.Motion.ADXL345\Driver\Sensors.Motion.ADXL345.csproj", "{BBC754AC-3108-41DC-BD6A-314F2379F101}"
EndProject
Project("{FAE04EC0-301F-11D3-BF4B-00C04F79EFBC}") = "Sensors.Motion.FXAS21002", "Peripheral_Libs\Sensors.Motion.FXAS21002\Driver\Sensors.Motion.FXAS21002.csproj", "{B6E0EB06-49A6-47C3-A47E-E850F0053FB2}"
EndProject
Project("{FAE04EC0-301F-11D3-BF4B-00C04F79EFBC}") = "Sensors.Motion.FXOS8700CQ", "Peripheral_Libs\Sensors.Motion.FXOS8700CQ\Driver\Sensors.Motion.FXOS8700CQ.csproj", "{63FF6729-1B79-451B-8831-20629616EEAA}"
EndProject
Project("{FAE04EC0-301F-11D3-BF4B-00C04F79EFBC}") = "Sensors.Motion.MAG3110", "Peripheral_Libs\Sensors.Motion.MAG3110\Driver\Sensors.Motion.MAG3110.csproj", "{E2E681A1-59E1-44E5-8D08-F0BCA48951BC}"
EndProject
Project("{FAE04EC0-301F-11D3-BF4B-00C04F79EFBC}") = "Sensors.Motion.MPU6050", "Peripheral_Libs\Sensors.Motion.MPU6050\Driver\Sensors.Motion.MPU6050.csproj", "{F969B9F2-D1CE-4DF4-9E09-2E098ADE665A}"
EndProject
Project("{FAE04EC0-301F-11D3-BF4B-00C04F79EFBC}") = "Sensors.Temperature.DS18B20", "Peripheral_Libs\Sensors.Temperature.DS18B20\Driver\Sensors.Temperature.DS18B20.csproj", "{17108484-8789-4439-9C53-A2AFAEEB54BE}"
EndProject
Project("{FAE04EC0-301F-11D3-BF4B-00C04F79EFBC}") = "ICs.74595", "Peripheral_Libs\ICs.74595\Driver\ICs.74595.csproj", "{B8ECB2CF-11CF-4C06-A817-CC7700360168}"
EndProject
Project("{FAE04EC0-301F-11D3-BF4B-00C04F79EFBC}") = "Sensors.GPS.NMEA", "Peripheral_Libs\Sensors.GPS.NMEA\Driver\Sensors.GPS.NMEA.csproj", "{E0526237-4F52-4A82-9433-9308431F1214}"
EndProject
Project("{FAE04EC0-301F-11D3-BF4B-00C04F79EFBC}") = "Sensors.Light.SI1145", "Peripheral_Libs\Sensors.Light.SI1145\Driver\Sensors.Light.SI1145.csproj", "{5BCDA33E-90D7-462E-8B4D-768258C92BBB}"
EndProject
Project("{FAE04EC0-301F-11D3-BF4B-00C04F79EFBC}") = "Sensors.Barometric.MPL115A2", "Peripheral_Libs\Sensors.Barometric.MPL115A2\Driver\Sensors.Barometric.MPL115A2.csproj", "{ABF79BD5-8EA2-4F42-9C1A-41AFC3A6EAEB}"
EndProject
Project("{FAE04EC0-301F-11D3-BF4B-00C04F79EFBC}") = "Servos.Servo.Core", "Peripheral_Libs\Servos.Servo\Driver\Servos.Servo.Core.csproj", "{8EFE2319-3D0D-4E57-B25F-02E6401FC45F}"
EndProject
Project("{FAE04EC0-301F-11D3-BF4B-00C04F79EFBC}") = "RTCs.DS323x", "Peripheral_Libs\RTCs.DS323x\Driver\RTCs.DS323x.csproj", "{94AA6C5B-5A98-492D-B79E-23C1437EDA8B}"
EndProject
Project("{FAE04EC0-301F-11D3-BF4B-00C04F79EFBC}") = "Sensors.Atmospheric.GroveTH02", "Peripheral_Libs\Sensors.Atmospheric.GroveTH02\Driver\Sensors.Atmospheric.GroveTH02.csproj", "{F54C544C-716D-477C-A7D0-6AAE6F04902D}"
EndProject
Project("{FAE04EC0-301F-11D3-BF4B-00C04F79EFBC}") = "Sensors.Motion.ParallaxPIR", "Peripheral_Libs\Sensors.Motion.ParallaxPIR\Driver\Sensors.Motion.ParallaxPIR.csproj", "{D72E15FF-84F3-41E2-AC15-F8BAFA7FFBD4}"
EndProject
Project("{FAE04EC0-301F-11D3-BF4B-00C04F79EFBC}") = "ICs.EEPROM.AT24Cxx", "Peripheral_Libs\ICs.EEPROM.AT24Cxx\Driver\ICs.EEPROM.AT24Cxx.csproj", "{E406EED1-8BE6-4BB1-A498-1FCF485D19B3}"
EndProject
Project("{FAE04EC0-301F-11D3-BF4B-00C04F79EFBC}") = "Displays.MicroLiquidCrystal", "Peripheral_Libs\Displays.MicroLiquidCrystal\Driver\Displays.MicroLiquidCrystal.csproj", "{B925A846-5EDE-436F-B217-6B35DAF5AFA1}"
EndProject
Project("{FAE04EC0-301F-11D3-BF4B-00C04F79EFBC}") = "Displays.GraphicsLibrary", "Peripheral_Libs\Displays.GraphicsLibrary\Driver\Displays.GraphicsLibrary.csproj", "{F99B3A2B-8E77-4A8E-AD2B-C43C65153C9B}"
EndProject
Project("{FAE04EC0-301F-11D3-BF4B-00C04F79EFBC}") = "Displays.SSD1306", "Peripheral_Libs\Displays.SSD1306\Driver\Displays.SSD1306.csproj", "{CC0BB903-7EA1-4C44-BD4E-FCBE41CE7B20}"
EndProject
Project("{FAE04EC0-301F-11D3-BF4B-00C04F79EFBC}") = "Sensors.Motion.BNO055", "Peripheral_Libs\Sensors.Motion.BNO055\Driver\Sensors.Motion.BNO055.csproj", "{F8B3DE4F-9D4F-48EC-944C-31D0D81DB516}"
EndProject
Project("{FAE04EC0-301F-11D3-BF4B-00C04F79EFBC}") = "Sensors.Temperature.TMP102", "Peripheral_Libs\Sensors.Temperature.TMP102\Driver\Sensors.Temperature.TMP102.csproj", "{30556790-B657-4468-8022-4EFE710C5235}"
EndProject
Project("{FAE04EC0-301F-11D3-BF4B-00C04F79EFBC}") = "Shields.SparkFunWeatherShield", "Peripheral_Libs\Shields.SparkFunWeatherShield\Driver\Shields.SparkFunWeatherShield.csproj", "{CF1D2665-E746-48F0-AAC8-81086EB3FF86}"
EndProject
Project("{2150E333-8FDC-42A3-9474-1A3956D46DE8}") = "Displays.GraphicsLibrary", "Displays.GraphicsLibrary", "{E8FB2C71-6BCF-48F9-9883-0517514009EA}"
EndProject
Project("{2150E333-8FDC-42A3-9474-1A3956D46DE8}") = "Displays.MicroLiquidCrystal", "Displays.MicroLiquidCrystal", "{2F73834C-B482-47DC-935B-AC04B7D1ED70}"
EndProject
Project("{2150E333-8FDC-42A3-9474-1A3956D46DE8}") = "Displays.SerialLCD", "Displays.SerialLCD", "{9E11B915-F2F4-4575-B498-366E71919991}"
EndProject
Project("{2150E333-8FDC-42A3-9474-1A3956D46DE8}") = "Displays.SSD1306", "Displays.SSD1306", "{9B0A9511-41D0-40EB-95D5-ADD34F23D232}"
EndProject
Project("{2150E333-8FDC-42A3-9474-1A3956D46DE8}") = "ICs.74595", "ICs.74595", "{72B972B7-1631-4B3F-B913-FD71166C06AC}"
EndProject
Project("{2150E333-8FDC-42A3-9474-1A3956D46DE8}") = "ICs.EEPROM.AT24Cxx", "ICs.EEPROM.AT24Cxx", "{161F1A59-9B46-4CCB-A2A8-FA0A261FC7EB}"
EndProject
Project("{2150E333-8FDC-42A3-9474-1A3956D46DE8}") = "Shields.AdafruitMotorShield", "Shields.AdafruitMotorShield", "{D743A47B-F613-4E69-85C7-E41D306D7106}"
EndProject
Project("{2150E333-8FDC-42A3-9474-1A3956D46DE8}") = "RTCs.DS323x", "RTCs.DS323x", "{7D63307D-7376-4065-BCDD-0698A4495D82}"
EndProject
Project("{2150E333-8FDC-42A3-9474-1A3956D46DE8}") = "Sensors.Atmospheric.BME280", "Sensors.Atmospheric.BME280", "{C2E88F6F-808F-4152-ABF6-175E41003563}"
EndProject
Project("{2150E333-8FDC-42A3-9474-1A3956D46DE8}") = "Sensors.Atmospheric.BMP085", "Sensors.Atmospheric.BMP085", "{10350B80-90E2-4704-8BCA-40725890525F}"
EndProject
Project("{2150E333-8FDC-42A3-9474-1A3956D46DE8}") = "Sensors.Atmospheric.GroveTH02", "Sensors.Atmospheric.GroveTH02", "{6C1A179F-2671-4A45-A898-585AE8AD06BF}"
EndProject
Project("{2150E333-8FDC-42A3-9474-1A3956D46DE8}") = "Sensors.Atmospheric.HIH6130", "Sensors.Atmospheric.HIH6130", "{EE88F7AB-FF9F-4528-A144-DC309F889CFA}"
EndProject
Project("{2150E333-8FDC-42A3-9474-1A3956D46DE8}") = "Sensors.Atmospheric.HTU21DF", "Sensors.Atmospheric.HTU21DF", "{88D613DD-6E1E-46E7-A420-B6BA9FDDE66D}"
EndProject
Project("{2150E333-8FDC-42A3-9474-1A3956D46DE8}") = "Sensors.Atmospheric.SHT31D", "Sensors.Atmospheric.SHT31D", "{E1FAB84F-2D43-456A-82E8-91F05F38619F}"
EndProject
Project("{2150E333-8FDC-42A3-9474-1A3956D46DE8}") = "Sensors.Atmospheric.SI7021", "Sensors.Atmospheric.SI7021", "{BCE79E18-0CA0-4773-835D-D03155FB7288}"
EndProject
Project("{2150E333-8FDC-42A3-9474-1A3956D46DE8}") = "Sensors.Barometric.MPL115A2", "Sensors.Barometric.MPL115A2", "{707C0069-0ABE-450E-A8F4-10A080AC1B00}"
EndProject
Project("{2150E333-8FDC-42A3-9474-1A3956D46DE8}") = "Sensors.Barometric.MPL3115A2", "Sensors.Barometric.MPL3115A2", "{8A381BBE-FF18-4E72-9FCA-B6175AED492C}"
EndProject
Project("{2150E333-8FDC-42A3-9474-1A3956D46DE8}") = "Sensors.Compass.Grove3AxisDigitalCompass", "Sensors.Compass.Grove3AxisDigitalCompass", "{B8996D87-8687-4A9C-91FB-7DB4FD6CFA2A}"
EndProject
Project("{2150E333-8FDC-42A3-9474-1A3956D46DE8}") = "Sensors.Distance.SharpGP2D12", "Sensors.Distance.SharpGP2D12", "{082CD7FB-C419-4627-845B-E519DB244B05}"
EndProject
Project("{2150E333-8FDC-42A3-9474-1A3956D46DE8}") = "Sensors.GPS.NMEA", "Sensors.GPS.NMEA", "{2C71582F-14CE-4A63-A4EB-59991E12E1C1}"
EndProject
Project("{2150E333-8FDC-42A3-9474-1A3956D46DE8}") = "Sensors.Light.ALSPT19315C", "Sensors.Light.ALSPT19315C", "{02AF3CD8-EA71-46FD-B16D-04DE6B9227CA}"
EndProject
Project("{2150E333-8FDC-42A3-9474-1A3956D46DE8}") = "Sensors.Light.SI1145", "Sensors.Light.SI1145", "{D357C67E-69E5-4D82-8A79-7561D17283A8}"
EndProject
Project("{2150E333-8FDC-42A3-9474-1A3956D46DE8}") = "Sensors.Light.TSL2561", "Sensors.Light.TSL2561", "{50ED6D3E-6A87-4075-91A3-A9C36902AFDA}"
EndProject
Project("{2150E333-8FDC-42A3-9474-1A3956D46DE8}") = "Sensors.Motion.ADXL335", "Sensors.Motion.ADXL335", "{EDDEAD23-FA0A-4FA9-9C2B-31EB80073BC4}"
EndProject
Project("{2150E333-8FDC-42A3-9474-1A3956D46DE8}") = "Sensors.Motion.ADXL345", "Sensors.Motion.ADXL345", "{2F0EDA4D-FC32-43C8-80E1-BA272A916493}"
EndProject
Project("{2150E333-8FDC-42A3-9474-1A3956D46DE8}") = "Sensors.Motion.ADXL362", "Sensors.Motion.ADXL362", "{AFDBF25F-ABC5-4A4B-91C7-F910573939AD}"
EndProject
Project("{2150E333-8FDC-42A3-9474-1A3956D46DE8}") = "Sensors.Motion.BNO055", "Sensors.Motion.BNO055", "{137A8D92-810B-4CD6-A0BF-0F9F516254B8}"
EndProject
Project("{2150E333-8FDC-42A3-9474-1A3956D46DE8}") = "Sensors.Motion.FXAS21002", "Sensors.Motion.FXAS21002", "{4D556A43-DEC3-43D1-930A-A7511379D918}"
EndProject
Project("{2150E333-8FDC-42A3-9474-1A3956D46DE8}") = "Sensors.Motion.FXOS8700CQ", "Sensors.Motion.FXOS8700CQ", "{5AFF6A5A-782C-462C-8CFF-9C8DB04844AB}"
EndProject
Project("{2150E333-8FDC-42A3-9474-1A3956D46DE8}") = "Sensors.Motion.MAG3110", "Sensors.Motion.MAG3110", "{C9A566DC-276B-4FDF-BC54-B14094528CAA}"
EndProject
Project("{2150E333-8FDC-42A3-9474-1A3956D46DE8}") = "Sensors.Motion.Memsic2125", "Sensors.Motion.Memsic2125", "{E18A1204-A865-4BF7-A0C7-5E04A16FF470}"
EndProject
Project("{2150E333-8FDC-42A3-9474-1A3956D46DE8}") = "Sensors.Motion.MPU6050", "Sensors.Motion.MPU6050", "{4ECA0E95-D92B-4AD6-9187-C4BA9824A615}"
EndProject
Project("{2150E333-8FDC-42A3-9474-1A3956D46DE8}") = "Sensors.Motion.ParallaxPIR", "Sensors.Motion.ParallaxPIR", "{79C8E761-03A5-46D3-A7FB-E6ACF1931820}"
EndProject
Project("{2150E333-8FDC-42A3-9474-1A3956D46DE8}") = "Shields.WeatherShield", "Shields.WeatherShield", "{89AF19A5-8681-4AAE-8C34-FF81C407871B}"
EndProject
Project("{2150E333-8FDC-42A3-9474-1A3956D46DE8}") = "Sensors.Temperature.Analog", "Sensors.Temperature.Analog", "{8613421C-B64B-409C-905B-A0AAD03EAEB8}"
EndProject
Project("{2150E333-8FDC-42A3-9474-1A3956D46DE8}") = "Sensors.Temperature.DS18B20", "Sensors.Temperature.DS18B20", "{A010BAF1-2220-49A3-B478-15E05FE8B3EC}"
EndProject
Project("{2150E333-8FDC-42A3-9474-1A3956D46DE8}") = "Sensors.Temperature.TMP102", "Sensors.Temperature.TMP102", "{C9267962-0CE4-4904-A4AC-08F4736C8E8D}"
EndProject
Project("{2150E333-8FDC-42A3-9474-1A3956D46DE8}") = "Servos.Servo.Core", "Servos.Servo.Core", "{FF35EA4A-5CF5-4B70-BF82-D68A11AC1FD8}"
EndProject
Project("{FAE04EC0-301F-11D3-BF4B-00C04F79EFBC}") = "BME280_Sample", "Peripheral_Libs\Sensors.Atmospheric.BME280\Samples\BME280_Sample\BME280_Sample.csproj", "{3CCD2F7A-E97F-4BBE-82AF-C5F356E93F9B}"
EndProject
Project("{FAE04EC0-301F-11D3-BF4B-00C04F79EFBC}") = "SHT31D_Sample", "Peripheral_Libs\Sensors.Atmospheric.SHT31D\Samples\SHT31D_Sample\SHT31D_Sample.csproj", "{020C3855-223E-4260-9146-F0C9DD5028A9}"
EndProject
Project("{FAE04EC0-301F-11D3-BF4B-00C04F79EFBC}") = "HIH6130_Sample", "Peripheral_Libs\Sensors.Atmospheric.HIH6130\Samples\HIH6130_Sample\HIH6130_Sample.csproj", "{1A7056DC-FF2D-4CBB-87DC-CB41AF30E550}"
EndProject
Project("{FAE04EC0-301F-11D3-BF4B-00C04F79EFBC}") = "ADXL345Sample", "Peripheral_Libs\Sensors.Motion.ADXL345\Samples\ADXL345Sample\ADXL345Sample.csproj", "{54CE0B18-46F8-4586-A40A-A77F8FA7FB2D}"
EndProject
Project("{FAE04EC0-301F-11D3-BF4B-00C04F79EFBC}") = "MicroLiquidCrystalSample", "Peripheral_Libs\Displays.MicroLiquidCrystal\Samples\MicroLiquidCrystal\MicroLiquidCrystalSample.csproj", "{A02478D2-6CB3-420F-88A8-FDD7FDF78FC9}"
EndProject
Project("{FAE04EC0-301F-11D3-BF4B-00C04F79EFBC}") = "SerialLCDSample", "Peripheral_Libs\Displays.SerialLCD\Samples\SerialLCD\SerialLCDSample.csproj", "{A329C83F-A3D5-4691-817F-E515E9646590}"
EndProject
Project("{FAE04EC0-301F-11D3-BF4B-00C04F79EFBC}") = "SSD1306Sample", "Peripheral_Libs\Displays.SSD1306\Samples\SSD1306Sample\SSD1306Sample.csproj", "{39ACBAF9-6225-4687-9A73-B0983C61E6CD}"
EndProject
Project("{FAE04EC0-301F-11D3-BF4B-00C04F79EFBC}") = "ShiftRegister595Sample", "Peripheral_Libs\ICs.74595\Samples\ShiftRegister595Sample\ShiftRegister595Sample.csproj", "{DBB3C3D2-1A10-48D7-A8BC-071ED81CCBF7}"
EndProject
Project("{FAE04EC0-301F-11D3-BF4B-00C04F79EFBC}") = "EEPROMSample", "Peripheral_Libs\ICs.EEPROM.AT24Cxx\Samples\EEPROM\EEPROMSample.csproj", "{6BC95B6A-1ADE-4DE2-A7F9-D1015797A7FD}"
EndProject
Project("{FAE04EC0-301F-11D3-BF4B-00C04F79EFBC}") = "DS3231Sample", "Peripheral_Libs\RTCs.DS323x\Samples\DS3231Sample\DS3231Sample.csproj", "{E3BE0D8C-6734-4152-9D7D-91C7080ED496}"
EndProject
Project("{FAE04EC0-301F-11D3-BF4B-00C04F79EFBC}") = "MPL3115A2Sample", "Peripheral_Libs\Sensors.Barometric.MPL3115A2\Samples\MPL3115A2Sample\MPL3115A2Sample.csproj", "{052C67A3-8C89-4D2D-8167-92E2D30974D0}"
EndProject
Project("{FAE04EC0-301F-11D3-BF4B-00C04F79EFBC}") = "HTU21DFSample", "Peripheral_Libs\Sensors.Atmospheric.HTU21DF\Samples\HTU21DFSample\HTU21DFSample.csproj", "{3951CEC5-D1AD-47E4-A4F3-48FE2EEC398B}"
EndProject
Project("{FAE04EC0-301F-11D3-BF4B-00C04F79EFBC}") = "SI7021Sample", "Peripheral_Libs\Sensors.Atmospheric.SI7021\Samples\SI7021Sample\SI7021Sample.csproj", "{83D23E6C-AE22-4601-BEF7-8CD2CC8B18F0}"
EndProject
Project("{FAE04EC0-301F-11D3-BF4B-00C04F79EFBC}") = "MPL115A2Sample", "Peripheral_Libs\Sensors.Barometric.MPL115A2\Samples\MPL115A2Sample\MPL115A2Sample.csproj", "{0353823B-EF18-461A-8BC7-ED633076F894}"
EndProject
Project("{FAE04EC0-301F-11D3-BF4B-00C04F79EFBC}") = "NMEASample", "Peripheral_Libs\Sensors.GPS.NMEA\Samples\NMEASample\NMEASample.csproj", "{8C19C0BD-A441-46C2-9A35-F2AE0685BDD4}"
EndProject
Project("{FAE04EC0-301F-11D3-BF4B-00C04F79EFBC}") = "ALSPT19Sample", "Peripheral_Libs\Sensors.Light.ALSPT19315C\Samples\ALSPT19Sample\ALSPT19Sample.csproj", "{C2F83EF0-BD91-4782-AE88-1564B639A4A0}"
EndProject
Project("{FAE04EC0-301F-11D3-BF4B-00C04F79EFBC}") = "TSL2651Sample", "Peripheral_Libs\Sensors.Light.TSL2561\Samples\TSL2651Sample\TSL2651Sample.csproj", "{E7F67E6C-21EB-4398-9700-46339E77E4A0}"
EndProject
Project("{FAE04EC0-301F-11D3-BF4B-00C04F79EFBC}") = "ADXL335Sample", "Peripheral_Libs\Sensors.Motion.ADXL335\Samples\ADXL335Sample\ADXL335Sample.csproj", "{4B8A886F-BC5C-4494-8DE3-7283C443BE68}"
EndProject
Project("{FAE04EC0-301F-11D3-BF4B-00C04F79EFBC}") = "ADXL362Sample", "Peripheral_Libs\Sensors.Motion.ADXL362\Samples\ADXL362Sample\ADXL362Sample.csproj", "{BD3E6BC5-EDBA-44BB-AAD2-EEA8E4EC9F31}"
EndProject
Project("{FAE04EC0-301F-11D3-BF4B-00C04F79EFBC}") = "DancingBunny", "Peripheral_Libs\Sensors.Motion.BNO055\Samples\DancingBunny\DancingBunny.csproj", "{C54256D2-1B63-4E11-8DE7-707536F9CCB8}"
EndProject
Project("{FAE04EC0-301F-11D3-BF4B-00C04F79EFBC}") = "MAG3110Sample", "Peripheral_Libs\Sensors.Motion.MAG3110\Samples\MAG3110Sample\MAG3110Sample.csproj", "{BA7F08B1-E409-4680-83C3-7D7658843DDD}"
EndProject
Project("{FAE04EC0-301F-11D3-BF4B-00C04F79EFBC}") = "AnalogTemperatureSample", "Peripheral_Libs\Sensors.Temperature.Analog\Samples\AnalogTemperatureSample\AnalogTemperatureSample.csproj", "{5B598F3F-C1E9-4BBC-A389-C4E3829641C9}"
EndProject
Project("{FAE04EC0-301F-11D3-BF4B-00C04F79EFBC}") = "TMP102Sample", "Peripheral_Libs\Sensors.Temperature.TMP102\Samples\TMP102Sample\TMP102Sample.csproj", "{41E656E8-841F-410E-8186-96C107351B0B}"
EndProject
Project("{FAE04EC0-301F-11D3-BF4B-00C04F79EFBC}") = "ServoSample", "Peripheral_Libs\Servos.Servo\Samples\ServoSample\ServoSample.csproj", "{2BBF1397-50C5-4E99-9649-FF9E7054AB36}"
EndProject
Project("{FAE04EC0-301F-11D3-BF4B-00C04F79EFBC}") = "ParallaxPIRSample", "Peripheral_Libs\Sensors.Motion.ParallaxPIR\Samples\ParallaxPIRSample\ParallaxPIRSample.csproj", "{F14CB0D1-6C9D-442D-82A6-2C96584E4F08}"
EndProject
Project("{FAE04EC0-301F-11D3-BF4B-00C04F79EFBC}") = "DataLoggers", "Peripheral_Libs\DataLoggers\Driver\DataLoggers.csproj", "{16EED478-5475-4589-870C-0D81D441A689}"
EndProject
Project("{FAE04EC0-301F-11D3-BF4B-00C04F79EFBC}") = "DataLoggers.ThingSpeak", "Peripheral_Libs\DataLoggers.ThingSpeak\Driver\DataLoggers.ThingSpeak.csproj", "{1F442C3D-F715-4D2E-BD2B-0652AD0383E8}"
EndProject
Project("{FAE04EC0-301F-11D3-BF4B-00C04F79EFBC}") = "Network", "Peripheral_Libs\Network\Driver\Network.csproj", "{2C7BDE6F-433C-4AF2-B82F-A4AD26BD0301}"
EndProject
Global
	GlobalSection(SolutionConfigurationPlatforms) = preSolution
		Debug|Any CPU = Debug|Any CPU
		Debug|Mixed Platforms = Debug|Mixed Platforms
		Debug|x86 = Debug|x86
		Release|Any CPU = Release|Any CPU
		Release|Mixed Platforms = Release|Mixed Platforms
		Release|x86 = Release|x86
	EndGlobalSection
	GlobalSection(ProjectConfigurationPlatforms) = postSolution
		{BBF69390-4C62-43A3-8F2A-0EEC579F21F0}.Debug|Any CPU.ActiveCfg = Debug|Any CPU
		{BBF69390-4C62-43A3-8F2A-0EEC579F21F0}.Debug|Any CPU.Build.0 = Debug|Any CPU
		{BBF69390-4C62-43A3-8F2A-0EEC579F21F0}.Debug|Any CPU.Deploy.0 = Debug|Any CPU
		{BBF69390-4C62-43A3-8F2A-0EEC579F21F0}.Debug|Mixed Platforms.ActiveCfg = Debug|Any CPU
		{BBF69390-4C62-43A3-8F2A-0EEC579F21F0}.Debug|Mixed Platforms.Build.0 = Debug|Any CPU
		{BBF69390-4C62-43A3-8F2A-0EEC579F21F0}.Debug|x86.ActiveCfg = Debug|Any CPU
		{BBF69390-4C62-43A3-8F2A-0EEC579F21F0}.Debug|x86.Build.0 = Debug|Any CPU
		{BBF69390-4C62-43A3-8F2A-0EEC579F21F0}.Release|Any CPU.ActiveCfg = Release|Any CPU
		{BBF69390-4C62-43A3-8F2A-0EEC579F21F0}.Release|Any CPU.Build.0 = Release|Any CPU
		{BBF69390-4C62-43A3-8F2A-0EEC579F21F0}.Release|Mixed Platforms.ActiveCfg = Release|Any CPU
		{BBF69390-4C62-43A3-8F2A-0EEC579F21F0}.Release|Mixed Platforms.Build.0 = Release|Any CPU
		{BBF69390-4C62-43A3-8F2A-0EEC579F21F0}.Release|x86.ActiveCfg = Release|Any CPU
		{BBF69390-4C62-43A3-8F2A-0EEC579F21F0}.Release|x86.Build.0 = Release|Any CPU
		{831CCCF7-8F8D-434D-809A-F2995A5B5730}.Debug|Any CPU.ActiveCfg = Debug|Any CPU
		{831CCCF7-8F8D-434D-809A-F2995A5B5730}.Debug|Any CPU.Build.0 = Debug|Any CPU
		{831CCCF7-8F8D-434D-809A-F2995A5B5730}.Debug|Any CPU.Deploy.0 = Debug|Any CPU
		{831CCCF7-8F8D-434D-809A-F2995A5B5730}.Debug|Mixed Platforms.ActiveCfg = Debug|Any CPU
		{831CCCF7-8F8D-434D-809A-F2995A5B5730}.Debug|Mixed Platforms.Build.0 = Debug|Any CPU
		{831CCCF7-8F8D-434D-809A-F2995A5B5730}.Debug|x86.ActiveCfg = Debug|Any CPU
		{831CCCF7-8F8D-434D-809A-F2995A5B5730}.Debug|x86.Build.0 = Debug|Any CPU
		{831CCCF7-8F8D-434D-809A-F2995A5B5730}.Release|Any CPU.ActiveCfg = Release|Any CPU
		{831CCCF7-8F8D-434D-809A-F2995A5B5730}.Release|Any CPU.Build.0 = Release|Any CPU
		{831CCCF7-8F8D-434D-809A-F2995A5B5730}.Release|Mixed Platforms.ActiveCfg = Release|Any CPU
		{831CCCF7-8F8D-434D-809A-F2995A5B5730}.Release|Mixed Platforms.Build.0 = Release|Any CPU
		{831CCCF7-8F8D-434D-809A-F2995A5B5730}.Release|x86.ActiveCfg = Release|Any CPU
		{831CCCF7-8F8D-434D-809A-F2995A5B5730}.Release|x86.Build.0 = Release|Any CPU
		{72D2D0F4-3E30-46E3-8EF9-392DDAF77EBE}.Debug|Any CPU.ActiveCfg = Debug|Any CPU
		{72D2D0F4-3E30-46E3-8EF9-392DDAF77EBE}.Debug|Any CPU.Build.0 = Debug|Any CPU
		{72D2D0F4-3E30-46E3-8EF9-392DDAF77EBE}.Debug|Any CPU.Deploy.0 = Debug|Any CPU
		{72D2D0F4-3E30-46E3-8EF9-392DDAF77EBE}.Debug|Mixed Platforms.ActiveCfg = Debug|Any CPU
		{72D2D0F4-3E30-46E3-8EF9-392DDAF77EBE}.Debug|Mixed Platforms.Build.0 = Debug|Any CPU
		{72D2D0F4-3E30-46E3-8EF9-392DDAF77EBE}.Debug|x86.ActiveCfg = Debug|Any CPU
		{72D2D0F4-3E30-46E3-8EF9-392DDAF77EBE}.Debug|x86.Build.0 = Debug|Any CPU
		{72D2D0F4-3E30-46E3-8EF9-392DDAF77EBE}.Release|Any CPU.ActiveCfg = Release|Any CPU
		{72D2D0F4-3E30-46E3-8EF9-392DDAF77EBE}.Release|Any CPU.Build.0 = Release|Any CPU
		{72D2D0F4-3E30-46E3-8EF9-392DDAF77EBE}.Release|Mixed Platforms.ActiveCfg = Release|Any CPU
		{72D2D0F4-3E30-46E3-8EF9-392DDAF77EBE}.Release|Mixed Platforms.Build.0 = Release|Any CPU
		{72D2D0F4-3E30-46E3-8EF9-392DDAF77EBE}.Release|x86.ActiveCfg = Release|Any CPU
		{72D2D0F4-3E30-46E3-8EF9-392DDAF77EBE}.Release|x86.Build.0 = Release|Any CPU
		{29261BF0-47B8-48FA-851F-E24158069228}.Debug|Any CPU.ActiveCfg = Debug|Any CPU
		{29261BF0-47B8-48FA-851F-E24158069228}.Debug|Any CPU.Build.0 = Debug|Any CPU
		{29261BF0-47B8-48FA-851F-E24158069228}.Debug|Any CPU.Deploy.0 = Debug|Any CPU
		{29261BF0-47B8-48FA-851F-E24158069228}.Debug|Mixed Platforms.ActiveCfg = Debug|Any CPU
		{29261BF0-47B8-48FA-851F-E24158069228}.Debug|Mixed Platforms.Build.0 = Debug|Any CPU
		{29261BF0-47B8-48FA-851F-E24158069228}.Debug|x86.ActiveCfg = Debug|Any CPU
		{29261BF0-47B8-48FA-851F-E24158069228}.Debug|x86.Build.0 = Debug|Any CPU
		{29261BF0-47B8-48FA-851F-E24158069228}.Release|Any CPU.ActiveCfg = Release|Any CPU
		{29261BF0-47B8-48FA-851F-E24158069228}.Release|Any CPU.Build.0 = Release|Any CPU
		{29261BF0-47B8-48FA-851F-E24158069228}.Release|Mixed Platforms.ActiveCfg = Release|Any CPU
		{29261BF0-47B8-48FA-851F-E24158069228}.Release|Mixed Platforms.Build.0 = Release|Any CPU
		{29261BF0-47B8-48FA-851F-E24158069228}.Release|x86.ActiveCfg = Release|Any CPU
		{29261BF0-47B8-48FA-851F-E24158069228}.Release|x86.Build.0 = Release|Any CPU
		{8CD6A83E-A425-417E-BD8E-8C2CFB0B4CB4}.Debug|Any CPU.ActiveCfg = Debug|Any CPU
		{8CD6A83E-A425-417E-BD8E-8C2CFB0B4CB4}.Debug|Any CPU.Build.0 = Debug|Any CPU
		{8CD6A83E-A425-417E-BD8E-8C2CFB0B4CB4}.Debug|Any CPU.Deploy.0 = Debug|Any CPU
		{8CD6A83E-A425-417E-BD8E-8C2CFB0B4CB4}.Debug|Mixed Platforms.ActiveCfg = Debug|Any CPU
		{8CD6A83E-A425-417E-BD8E-8C2CFB0B4CB4}.Debug|Mixed Platforms.Build.0 = Debug|Any CPU
		{8CD6A83E-A425-417E-BD8E-8C2CFB0B4CB4}.Debug|x86.ActiveCfg = Debug|Any CPU
		{8CD6A83E-A425-417E-BD8E-8C2CFB0B4CB4}.Debug|x86.Build.0 = Debug|Any CPU
		{8CD6A83E-A425-417E-BD8E-8C2CFB0B4CB4}.Release|Any CPU.ActiveCfg = Release|Any CPU
		{8CD6A83E-A425-417E-BD8E-8C2CFB0B4CB4}.Release|Any CPU.Build.0 = Release|Any CPU
		{8CD6A83E-A425-417E-BD8E-8C2CFB0B4CB4}.Release|Mixed Platforms.ActiveCfg = Release|Any CPU
		{8CD6A83E-A425-417E-BD8E-8C2CFB0B4CB4}.Release|Mixed Platforms.Build.0 = Release|Any CPU
		{8CD6A83E-A425-417E-BD8E-8C2CFB0B4CB4}.Release|x86.ActiveCfg = Release|Any CPU
		{8CD6A83E-A425-417E-BD8E-8C2CFB0B4CB4}.Release|x86.Build.0 = Release|Any CPU
		{105B4678-62F3-49BC-AE86-9ED8F0A00D1F}.Debug|Any CPU.ActiveCfg = Debug|Any CPU
		{105B4678-62F3-49BC-AE86-9ED8F0A00D1F}.Debug|Any CPU.Build.0 = Debug|Any CPU
		{105B4678-62F3-49BC-AE86-9ED8F0A00D1F}.Debug|Any CPU.Deploy.0 = Debug|Any CPU
		{105B4678-62F3-49BC-AE86-9ED8F0A00D1F}.Debug|Mixed Platforms.ActiveCfg = Debug|Any CPU
		{105B4678-62F3-49BC-AE86-9ED8F0A00D1F}.Debug|Mixed Platforms.Build.0 = Debug|Any CPU
		{105B4678-62F3-49BC-AE86-9ED8F0A00D1F}.Debug|x86.ActiveCfg = Debug|Any CPU
		{105B4678-62F3-49BC-AE86-9ED8F0A00D1F}.Debug|x86.Build.0 = Debug|Any CPU
		{105B4678-62F3-49BC-AE86-9ED8F0A00D1F}.Release|Any CPU.ActiveCfg = Release|Any CPU
		{105B4678-62F3-49BC-AE86-9ED8F0A00D1F}.Release|Any CPU.Build.0 = Release|Any CPU
		{105B4678-62F3-49BC-AE86-9ED8F0A00D1F}.Release|Mixed Platforms.ActiveCfg = Release|Any CPU
		{105B4678-62F3-49BC-AE86-9ED8F0A00D1F}.Release|Mixed Platforms.Build.0 = Release|Any CPU
		{105B4678-62F3-49BC-AE86-9ED8F0A00D1F}.Release|x86.ActiveCfg = Release|Any CPU
		{105B4678-62F3-49BC-AE86-9ED8F0A00D1F}.Release|x86.Build.0 = Release|Any CPU
		{565DC80C-9F37-4FF4-9E39-A06BF880C64C}.Debug|Any CPU.ActiveCfg = Debug|Any CPU
		{565DC80C-9F37-4FF4-9E39-A06BF880C64C}.Debug|Any CPU.Build.0 = Debug|Any CPU
		{565DC80C-9F37-4FF4-9E39-A06BF880C64C}.Debug|Any CPU.Deploy.0 = Debug|Any CPU
		{565DC80C-9F37-4FF4-9E39-A06BF880C64C}.Debug|Mixed Platforms.ActiveCfg = Debug|Any CPU
		{565DC80C-9F37-4FF4-9E39-A06BF880C64C}.Debug|Mixed Platforms.Build.0 = Debug|Any CPU
		{565DC80C-9F37-4FF4-9E39-A06BF880C64C}.Debug|x86.ActiveCfg = Debug|Any CPU
		{565DC80C-9F37-4FF4-9E39-A06BF880C64C}.Debug|x86.Build.0 = Debug|Any CPU
		{565DC80C-9F37-4FF4-9E39-A06BF880C64C}.Release|Any CPU.ActiveCfg = Release|Any CPU
		{565DC80C-9F37-4FF4-9E39-A06BF880C64C}.Release|Any CPU.Build.0 = Release|Any CPU
		{565DC80C-9F37-4FF4-9E39-A06BF880C64C}.Release|Mixed Platforms.ActiveCfg = Release|Any CPU
		{565DC80C-9F37-4FF4-9E39-A06BF880C64C}.Release|Mixed Platforms.Build.0 = Release|Any CPU
		{565DC80C-9F37-4FF4-9E39-A06BF880C64C}.Release|x86.ActiveCfg = Release|Any CPU
		{565DC80C-9F37-4FF4-9E39-A06BF880C64C}.Release|x86.Build.0 = Release|Any CPU
		{AC24642E-E6DA-47D7-B4F5-9F12F35BE78A}.Debug|Any CPU.ActiveCfg = Debug|Any CPU
		{AC24642E-E6DA-47D7-B4F5-9F12F35BE78A}.Debug|Any CPU.Build.0 = Debug|Any CPU
		{AC24642E-E6DA-47D7-B4F5-9F12F35BE78A}.Debug|Any CPU.Deploy.0 = Debug|Any CPU
		{AC24642E-E6DA-47D7-B4F5-9F12F35BE78A}.Debug|Mixed Platforms.ActiveCfg = Debug|Any CPU
		{AC24642E-E6DA-47D7-B4F5-9F12F35BE78A}.Debug|Mixed Platforms.Build.0 = Debug|Any CPU
		{AC24642E-E6DA-47D7-B4F5-9F12F35BE78A}.Debug|x86.ActiveCfg = Debug|Any CPU
		{AC24642E-E6DA-47D7-B4F5-9F12F35BE78A}.Debug|x86.Build.0 = Debug|Any CPU
		{AC24642E-E6DA-47D7-B4F5-9F12F35BE78A}.Release|Any CPU.ActiveCfg = Release|Any CPU
		{AC24642E-E6DA-47D7-B4F5-9F12F35BE78A}.Release|Any CPU.Build.0 = Release|Any CPU
		{AC24642E-E6DA-47D7-B4F5-9F12F35BE78A}.Release|Mixed Platforms.ActiveCfg = Release|Any CPU
		{AC24642E-E6DA-47D7-B4F5-9F12F35BE78A}.Release|Mixed Platforms.Build.0 = Release|Any CPU
		{AC24642E-E6DA-47D7-B4F5-9F12F35BE78A}.Release|x86.ActiveCfg = Release|Any CPU
		{AC24642E-E6DA-47D7-B4F5-9F12F35BE78A}.Release|x86.Build.0 = Release|Any CPU
		{79372BE0-C1EC-4AC7-8481-6AB20013FC35}.Debug|Any CPU.ActiveCfg = Debug|Any CPU
		{79372BE0-C1EC-4AC7-8481-6AB20013FC35}.Debug|Any CPU.Build.0 = Debug|Any CPU
		{79372BE0-C1EC-4AC7-8481-6AB20013FC35}.Debug|Any CPU.Deploy.0 = Debug|Any CPU
		{79372BE0-C1EC-4AC7-8481-6AB20013FC35}.Debug|Mixed Platforms.ActiveCfg = Debug|Any CPU
		{79372BE0-C1EC-4AC7-8481-6AB20013FC35}.Debug|Mixed Platforms.Build.0 = Debug|Any CPU
		{79372BE0-C1EC-4AC7-8481-6AB20013FC35}.Debug|x86.ActiveCfg = Debug|Any CPU
		{79372BE0-C1EC-4AC7-8481-6AB20013FC35}.Debug|x86.Build.0 = Debug|Any CPU
		{79372BE0-C1EC-4AC7-8481-6AB20013FC35}.Release|Any CPU.ActiveCfg = Release|Any CPU
		{79372BE0-C1EC-4AC7-8481-6AB20013FC35}.Release|Any CPU.Build.0 = Release|Any CPU
		{79372BE0-C1EC-4AC7-8481-6AB20013FC35}.Release|Mixed Platforms.ActiveCfg = Release|Any CPU
		{79372BE0-C1EC-4AC7-8481-6AB20013FC35}.Release|Mixed Platforms.Build.0 = Release|Any CPU
		{79372BE0-C1EC-4AC7-8481-6AB20013FC35}.Release|x86.ActiveCfg = Release|Any CPU
		{79372BE0-C1EC-4AC7-8481-6AB20013FC35}.Release|x86.Build.0 = Release|Any CPU
		{D32F7103-5F7B-4880-8C80-B17570F4380D}.Debug|Any CPU.ActiveCfg = Debug|x86
		{D32F7103-5F7B-4880-8C80-B17570F4380D}.Debug|Any CPU.Build.0 = Debug|x86
		{D32F7103-5F7B-4880-8C80-B17570F4380D}.Debug|Any CPU.Deploy.0 = Debug|x86
		{D32F7103-5F7B-4880-8C80-B17570F4380D}.Debug|Mixed Platforms.ActiveCfg = Debug|x86
		{D32F7103-5F7B-4880-8C80-B17570F4380D}.Debug|Mixed Platforms.Build.0 = Debug|x86
		{D32F7103-5F7B-4880-8C80-B17570F4380D}.Debug|x86.ActiveCfg = Debug|x86
		{D32F7103-5F7B-4880-8C80-B17570F4380D}.Debug|x86.Build.0 = Debug|x86
		{D32F7103-5F7B-4880-8C80-B17570F4380D}.Release|Any CPU.ActiveCfg = Release|x86
		{D32F7103-5F7B-4880-8C80-B17570F4380D}.Release|Any CPU.Build.0 = Release|x86
		{D32F7103-5F7B-4880-8C80-B17570F4380D}.Release|Mixed Platforms.ActiveCfg = Release|x86
		{D32F7103-5F7B-4880-8C80-B17570F4380D}.Release|Mixed Platforms.Build.0 = Release|x86
		{D32F7103-5F7B-4880-8C80-B17570F4380D}.Release|x86.ActiveCfg = Release|x86
		{D32F7103-5F7B-4880-8C80-B17570F4380D}.Release|x86.Build.0 = Release|x86
		{F6428AF2-EC4B-4FB7-AB15-71CCD0B67985}.Debug|Any CPU.ActiveCfg = Debug|x86
		{F6428AF2-EC4B-4FB7-AB15-71CCD0B67985}.Debug|Any CPU.Build.0 = Debug|x86
		{F6428AF2-EC4B-4FB7-AB15-71CCD0B67985}.Debug|Any CPU.Deploy.0 = Debug|x86
		{F6428AF2-EC4B-4FB7-AB15-71CCD0B67985}.Debug|Mixed Platforms.ActiveCfg = Debug|x86
		{F6428AF2-EC4B-4FB7-AB15-71CCD0B67985}.Debug|Mixed Platforms.Build.0 = Debug|x86
		{F6428AF2-EC4B-4FB7-AB15-71CCD0B67985}.Debug|x86.ActiveCfg = Debug|x86
		{F6428AF2-EC4B-4FB7-AB15-71CCD0B67985}.Debug|x86.Build.0 = Debug|x86
		{F6428AF2-EC4B-4FB7-AB15-71CCD0B67985}.Release|Any CPU.ActiveCfg = Release|x86
		{F6428AF2-EC4B-4FB7-AB15-71CCD0B67985}.Release|Any CPU.Build.0 = Release|x86
		{F6428AF2-EC4B-4FB7-AB15-71CCD0B67985}.Release|Mixed Platforms.ActiveCfg = Release|x86
		{F6428AF2-EC4B-4FB7-AB15-71CCD0B67985}.Release|Mixed Platforms.Build.0 = Release|x86
		{F6428AF2-EC4B-4FB7-AB15-71CCD0B67985}.Release|x86.ActiveCfg = Release|x86
		{F6428AF2-EC4B-4FB7-AB15-71CCD0B67985}.Release|x86.Build.0 = Release|x86
		{25442BC4-A47A-440D-B87B-C628BC4A9F74}.Debug|Any CPU.ActiveCfg = Debug|x86
		{25442BC4-A47A-440D-B87B-C628BC4A9F74}.Debug|Any CPU.Build.0 = Debug|x86
		{25442BC4-A47A-440D-B87B-C628BC4A9F74}.Debug|Any CPU.Deploy.0 = Debug|x86
		{25442BC4-A47A-440D-B87B-C628BC4A9F74}.Debug|Mixed Platforms.ActiveCfg = Debug|x86
		{25442BC4-A47A-440D-B87B-C628BC4A9F74}.Debug|Mixed Platforms.Build.0 = Debug|x86
		{25442BC4-A47A-440D-B87B-C628BC4A9F74}.Debug|x86.ActiveCfg = Debug|x86
		{25442BC4-A47A-440D-B87B-C628BC4A9F74}.Debug|x86.Build.0 = Debug|x86
		{25442BC4-A47A-440D-B87B-C628BC4A9F74}.Release|Any CPU.ActiveCfg = Release|x86
		{25442BC4-A47A-440D-B87B-C628BC4A9F74}.Release|Any CPU.Build.0 = Release|x86
		{25442BC4-A47A-440D-B87B-C628BC4A9F74}.Release|Mixed Platforms.ActiveCfg = Release|x86
		{25442BC4-A47A-440D-B87B-C628BC4A9F74}.Release|Mixed Platforms.Build.0 = Release|x86
		{25442BC4-A47A-440D-B87B-C628BC4A9F74}.Release|x86.ActiveCfg = Release|x86
		{25442BC4-A47A-440D-B87B-C628BC4A9F74}.Release|x86.Build.0 = Release|x86
		{CEC7105C-617B-4C4F-8654-A65718AE7217}.Debug|Any CPU.ActiveCfg = Debug|x86
		{CEC7105C-617B-4C4F-8654-A65718AE7217}.Debug|Any CPU.Build.0 = Debug|x86
		{CEC7105C-617B-4C4F-8654-A65718AE7217}.Debug|Any CPU.Deploy.0 = Debug|x86
		{CEC7105C-617B-4C4F-8654-A65718AE7217}.Debug|Mixed Platforms.ActiveCfg = Debug|x86
		{CEC7105C-617B-4C4F-8654-A65718AE7217}.Debug|Mixed Platforms.Build.0 = Debug|x86
		{CEC7105C-617B-4C4F-8654-A65718AE7217}.Debug|x86.ActiveCfg = Debug|x86
		{CEC7105C-617B-4C4F-8654-A65718AE7217}.Debug|x86.Build.0 = Debug|x86
		{CEC7105C-617B-4C4F-8654-A65718AE7217}.Release|Any CPU.ActiveCfg = Release|x86
		{CEC7105C-617B-4C4F-8654-A65718AE7217}.Release|Any CPU.Build.0 = Release|x86
		{CEC7105C-617B-4C4F-8654-A65718AE7217}.Release|Mixed Platforms.ActiveCfg = Release|x86
		{CEC7105C-617B-4C4F-8654-A65718AE7217}.Release|Mixed Platforms.Build.0 = Release|x86
		{CEC7105C-617B-4C4F-8654-A65718AE7217}.Release|x86.ActiveCfg = Release|x86
		{CEC7105C-617B-4C4F-8654-A65718AE7217}.Release|x86.Build.0 = Release|x86
		{FB02A7ED-4CAF-43FD-A91F-DC0EEB8597CB}.Debug|Any CPU.ActiveCfg = Debug|x86
		{FB02A7ED-4CAF-43FD-A91F-DC0EEB8597CB}.Debug|Any CPU.Build.0 = Debug|x86
		{FB02A7ED-4CAF-43FD-A91F-DC0EEB8597CB}.Debug|Any CPU.Deploy.0 = Debug|x86
		{FB02A7ED-4CAF-43FD-A91F-DC0EEB8597CB}.Debug|Mixed Platforms.ActiveCfg = Debug|x86
		{FB02A7ED-4CAF-43FD-A91F-DC0EEB8597CB}.Debug|Mixed Platforms.Build.0 = Debug|x86
		{FB02A7ED-4CAF-43FD-A91F-DC0EEB8597CB}.Debug|x86.ActiveCfg = Debug|x86
		{FB02A7ED-4CAF-43FD-A91F-DC0EEB8597CB}.Debug|x86.Build.0 = Debug|x86
		{FB02A7ED-4CAF-43FD-A91F-DC0EEB8597CB}.Release|Any CPU.ActiveCfg = Release|x86
		{FB02A7ED-4CAF-43FD-A91F-DC0EEB8597CB}.Release|Any CPU.Build.0 = Release|x86
		{FB02A7ED-4CAF-43FD-A91F-DC0EEB8597CB}.Release|Mixed Platforms.ActiveCfg = Release|x86
		{FB02A7ED-4CAF-43FD-A91F-DC0EEB8597CB}.Release|Mixed Platforms.Build.0 = Release|x86
		{FB02A7ED-4CAF-43FD-A91F-DC0EEB8597CB}.Release|x86.ActiveCfg = Release|x86
		{FB02A7ED-4CAF-43FD-A91F-DC0EEB8597CB}.Release|x86.Build.0 = Release|x86
		{46810344-EB9D-47DD-A7F1-CAD71E702B59}.Debug|Any CPU.ActiveCfg = Debug|x86
		{46810344-EB9D-47DD-A7F1-CAD71E702B59}.Debug|Any CPU.Build.0 = Debug|x86
		{46810344-EB9D-47DD-A7F1-CAD71E702B59}.Debug|Any CPU.Deploy.0 = Debug|x86
		{46810344-EB9D-47DD-A7F1-CAD71E702B59}.Debug|Mixed Platforms.ActiveCfg = Debug|x86
		{46810344-EB9D-47DD-A7F1-CAD71E702B59}.Debug|Mixed Platforms.Build.0 = Debug|x86
		{46810344-EB9D-47DD-A7F1-CAD71E702B59}.Debug|x86.ActiveCfg = Debug|x86
		{46810344-EB9D-47DD-A7F1-CAD71E702B59}.Debug|x86.Build.0 = Debug|x86
		{46810344-EB9D-47DD-A7F1-CAD71E702B59}.Release|Any CPU.ActiveCfg = Release|x86
		{46810344-EB9D-47DD-A7F1-CAD71E702B59}.Release|Any CPU.Build.0 = Release|x86
		{46810344-EB9D-47DD-A7F1-CAD71E702B59}.Release|Mixed Platforms.ActiveCfg = Release|x86
		{46810344-EB9D-47DD-A7F1-CAD71E702B59}.Release|Mixed Platforms.Build.0 = Release|x86
		{46810344-EB9D-47DD-A7F1-CAD71E702B59}.Release|x86.ActiveCfg = Release|x86
		{46810344-EB9D-47DD-A7F1-CAD71E702B59}.Release|x86.Build.0 = Release|x86
		{2F9EEB9E-D4F0-4C17-B159-D6D66410A2CC}.Debug|Any CPU.ActiveCfg = Debug|x86
		{2F9EEB9E-D4F0-4C17-B159-D6D66410A2CC}.Debug|Any CPU.Build.0 = Debug|x86
		{2F9EEB9E-D4F0-4C17-B159-D6D66410A2CC}.Debug|Any CPU.Deploy.0 = Debug|x86
		{2F9EEB9E-D4F0-4C17-B159-D6D66410A2CC}.Debug|Mixed Platforms.ActiveCfg = Debug|x86
		{2F9EEB9E-D4F0-4C17-B159-D6D66410A2CC}.Debug|Mixed Platforms.Build.0 = Debug|x86
		{2F9EEB9E-D4F0-4C17-B159-D6D66410A2CC}.Debug|x86.ActiveCfg = Debug|x86
		{2F9EEB9E-D4F0-4C17-B159-D6D66410A2CC}.Debug|x86.Build.0 = Debug|x86
		{2F9EEB9E-D4F0-4C17-B159-D6D66410A2CC}.Release|Any CPU.ActiveCfg = Release|x86
		{2F9EEB9E-D4F0-4C17-B159-D6D66410A2CC}.Release|Any CPU.Build.0 = Release|x86
		{2F9EEB9E-D4F0-4C17-B159-D6D66410A2CC}.Release|Mixed Platforms.ActiveCfg = Release|x86
		{2F9EEB9E-D4F0-4C17-B159-D6D66410A2CC}.Release|Mixed Platforms.Build.0 = Release|x86
		{2F9EEB9E-D4F0-4C17-B159-D6D66410A2CC}.Release|x86.ActiveCfg = Release|x86
		{2F9EEB9E-D4F0-4C17-B159-D6D66410A2CC}.Release|x86.Build.0 = Release|x86
		{A9601FA8-73EC-401D-89B1-4405F155928C}.Debug|Any CPU.ActiveCfg = Debug|x86
		{A9601FA8-73EC-401D-89B1-4405F155928C}.Debug|Any CPU.Build.0 = Debug|x86
		{A9601FA8-73EC-401D-89B1-4405F155928C}.Debug|Any CPU.Deploy.0 = Debug|x86
		{A9601FA8-73EC-401D-89B1-4405F155928C}.Debug|Mixed Platforms.ActiveCfg = Debug|x86
		{A9601FA8-73EC-401D-89B1-4405F155928C}.Debug|Mixed Platforms.Build.0 = Debug|x86
		{A9601FA8-73EC-401D-89B1-4405F155928C}.Debug|x86.ActiveCfg = Debug|x86
		{A9601FA8-73EC-401D-89B1-4405F155928C}.Debug|x86.Build.0 = Debug|x86
		{A9601FA8-73EC-401D-89B1-4405F155928C}.Release|Any CPU.ActiveCfg = Release|x86
		{A9601FA8-73EC-401D-89B1-4405F155928C}.Release|Any CPU.Build.0 = Release|x86
		{A9601FA8-73EC-401D-89B1-4405F155928C}.Release|Mixed Platforms.ActiveCfg = Release|x86
		{A9601FA8-73EC-401D-89B1-4405F155928C}.Release|Mixed Platforms.Build.0 = Release|x86
		{A9601FA8-73EC-401D-89B1-4405F155928C}.Release|x86.ActiveCfg = Release|x86
		{A9601FA8-73EC-401D-89B1-4405F155928C}.Release|x86.Build.0 = Release|x86
		{798D429C-E6C4-452D-922D-EC0EB23CAF13}.Debug|Any CPU.ActiveCfg = Debug|x86
		{798D429C-E6C4-452D-922D-EC0EB23CAF13}.Debug|Any CPU.Build.0 = Debug|x86
		{798D429C-E6C4-452D-922D-EC0EB23CAF13}.Debug|Any CPU.Deploy.0 = Debug|x86
		{798D429C-E6C4-452D-922D-EC0EB23CAF13}.Debug|Mixed Platforms.ActiveCfg = Debug|x86
		{798D429C-E6C4-452D-922D-EC0EB23CAF13}.Debug|Mixed Platforms.Build.0 = Debug|x86
		{798D429C-E6C4-452D-922D-EC0EB23CAF13}.Debug|x86.ActiveCfg = Debug|x86
		{798D429C-E6C4-452D-922D-EC0EB23CAF13}.Debug|x86.Build.0 = Debug|x86
		{798D429C-E6C4-452D-922D-EC0EB23CAF13}.Release|Any CPU.ActiveCfg = Release|x86
		{798D429C-E6C4-452D-922D-EC0EB23CAF13}.Release|Any CPU.Build.0 = Release|x86
		{798D429C-E6C4-452D-922D-EC0EB23CAF13}.Release|Mixed Platforms.ActiveCfg = Release|x86
		{798D429C-E6C4-452D-922D-EC0EB23CAF13}.Release|Mixed Platforms.Build.0 = Release|x86
		{798D429C-E6C4-452D-922D-EC0EB23CAF13}.Release|x86.ActiveCfg = Release|x86
		{798D429C-E6C4-452D-922D-EC0EB23CAF13}.Release|x86.Build.0 = Release|x86
		{BBC754AC-3108-41DC-BD6A-314F2379F101}.Debug|Any CPU.ActiveCfg = Debug|x86
		{BBC754AC-3108-41DC-BD6A-314F2379F101}.Debug|Any CPU.Build.0 = Debug|x86
		{BBC754AC-3108-41DC-BD6A-314F2379F101}.Debug|Any CPU.Deploy.0 = Debug|x86
		{BBC754AC-3108-41DC-BD6A-314F2379F101}.Debug|Mixed Platforms.ActiveCfg = Debug|x86
		{BBC754AC-3108-41DC-BD6A-314F2379F101}.Debug|Mixed Platforms.Build.0 = Debug|x86
		{BBC754AC-3108-41DC-BD6A-314F2379F101}.Debug|x86.ActiveCfg = Debug|x86
		{BBC754AC-3108-41DC-BD6A-314F2379F101}.Debug|x86.Build.0 = Debug|x86
		{BBC754AC-3108-41DC-BD6A-314F2379F101}.Release|Any CPU.ActiveCfg = Release|x86
		{BBC754AC-3108-41DC-BD6A-314F2379F101}.Release|Any CPU.Build.0 = Release|x86
		{BBC754AC-3108-41DC-BD6A-314F2379F101}.Release|Mixed Platforms.ActiveCfg = Release|x86
		{BBC754AC-3108-41DC-BD6A-314F2379F101}.Release|Mixed Platforms.Build.0 = Release|x86
		{BBC754AC-3108-41DC-BD6A-314F2379F101}.Release|x86.ActiveCfg = Release|x86
		{BBC754AC-3108-41DC-BD6A-314F2379F101}.Release|x86.Build.0 = Release|x86
		{B6E0EB06-49A6-47C3-A47E-E850F0053FB2}.Debug|Any CPU.ActiveCfg = Debug|x86
		{B6E0EB06-49A6-47C3-A47E-E850F0053FB2}.Debug|Any CPU.Build.0 = Debug|x86
		{B6E0EB06-49A6-47C3-A47E-E850F0053FB2}.Debug|Any CPU.Deploy.0 = Debug|x86
		{B6E0EB06-49A6-47C3-A47E-E850F0053FB2}.Debug|Mixed Platforms.ActiveCfg = Debug|x86
		{B6E0EB06-49A6-47C3-A47E-E850F0053FB2}.Debug|Mixed Platforms.Build.0 = Debug|x86
		{B6E0EB06-49A6-47C3-A47E-E850F0053FB2}.Debug|x86.ActiveCfg = Debug|x86
		{B6E0EB06-49A6-47C3-A47E-E850F0053FB2}.Debug|x86.Build.0 = Debug|x86
		{B6E0EB06-49A6-47C3-A47E-E850F0053FB2}.Release|Any CPU.ActiveCfg = Release|x86
		{B6E0EB06-49A6-47C3-A47E-E850F0053FB2}.Release|Any CPU.Build.0 = Release|x86
		{B6E0EB06-49A6-47C3-A47E-E850F0053FB2}.Release|Mixed Platforms.ActiveCfg = Release|x86
		{B6E0EB06-49A6-47C3-A47E-E850F0053FB2}.Release|Mixed Platforms.Build.0 = Release|x86
		{B6E0EB06-49A6-47C3-A47E-E850F0053FB2}.Release|x86.ActiveCfg = Release|x86
		{B6E0EB06-49A6-47C3-A47E-E850F0053FB2}.Release|x86.Build.0 = Release|x86
		{63FF6729-1B79-451B-8831-20629616EEAA}.Debug|Any CPU.ActiveCfg = Debug|x86
		{63FF6729-1B79-451B-8831-20629616EEAA}.Debug|Any CPU.Build.0 = Debug|x86
		{63FF6729-1B79-451B-8831-20629616EEAA}.Debug|Any CPU.Deploy.0 = Debug|x86
		{63FF6729-1B79-451B-8831-20629616EEAA}.Debug|Mixed Platforms.ActiveCfg = Debug|x86
		{63FF6729-1B79-451B-8831-20629616EEAA}.Debug|Mixed Platforms.Build.0 = Debug|x86
		{63FF6729-1B79-451B-8831-20629616EEAA}.Debug|x86.ActiveCfg = Debug|x86
		{63FF6729-1B79-451B-8831-20629616EEAA}.Debug|x86.Build.0 = Debug|x86
		{63FF6729-1B79-451B-8831-20629616EEAA}.Release|Any CPU.ActiveCfg = Release|x86
		{63FF6729-1B79-451B-8831-20629616EEAA}.Release|Any CPU.Build.0 = Release|x86
		{63FF6729-1B79-451B-8831-20629616EEAA}.Release|Mixed Platforms.ActiveCfg = Release|x86
		{63FF6729-1B79-451B-8831-20629616EEAA}.Release|Mixed Platforms.Build.0 = Release|x86
		{63FF6729-1B79-451B-8831-20629616EEAA}.Release|x86.ActiveCfg = Release|x86
		{63FF6729-1B79-451B-8831-20629616EEAA}.Release|x86.Build.0 = Release|x86
		{E2E681A1-59E1-44E5-8D08-F0BCA48951BC}.Debug|Any CPU.ActiveCfg = Debug|x86
		{E2E681A1-59E1-44E5-8D08-F0BCA48951BC}.Debug|Any CPU.Build.0 = Debug|x86
		{E2E681A1-59E1-44E5-8D08-F0BCA48951BC}.Debug|Any CPU.Deploy.0 = Debug|x86
		{E2E681A1-59E1-44E5-8D08-F0BCA48951BC}.Debug|Mixed Platforms.ActiveCfg = Debug|x86
		{E2E681A1-59E1-44E5-8D08-F0BCA48951BC}.Debug|Mixed Platforms.Build.0 = Debug|x86
		{E2E681A1-59E1-44E5-8D08-F0BCA48951BC}.Debug|x86.ActiveCfg = Debug|x86
		{E2E681A1-59E1-44E5-8D08-F0BCA48951BC}.Debug|x86.Build.0 = Debug|x86
		{E2E681A1-59E1-44E5-8D08-F0BCA48951BC}.Release|Any CPU.ActiveCfg = Release|x86
		{E2E681A1-59E1-44E5-8D08-F0BCA48951BC}.Release|Any CPU.Build.0 = Release|x86
		{E2E681A1-59E1-44E5-8D08-F0BCA48951BC}.Release|Mixed Platforms.ActiveCfg = Release|x86
		{E2E681A1-59E1-44E5-8D08-F0BCA48951BC}.Release|Mixed Platforms.Build.0 = Release|x86
		{E2E681A1-59E1-44E5-8D08-F0BCA48951BC}.Release|x86.ActiveCfg = Release|x86
		{E2E681A1-59E1-44E5-8D08-F0BCA48951BC}.Release|x86.Build.0 = Release|x86
		{F969B9F2-D1CE-4DF4-9E09-2E098ADE665A}.Debug|Any CPU.ActiveCfg = Debug|x86
		{F969B9F2-D1CE-4DF4-9E09-2E098ADE665A}.Debug|Any CPU.Build.0 = Debug|x86
		{F969B9F2-D1CE-4DF4-9E09-2E098ADE665A}.Debug|Any CPU.Deploy.0 = Debug|x86
		{F969B9F2-D1CE-4DF4-9E09-2E098ADE665A}.Debug|Mixed Platforms.ActiveCfg = Debug|x86
		{F969B9F2-D1CE-4DF4-9E09-2E098ADE665A}.Debug|Mixed Platforms.Build.0 = Debug|x86
		{F969B9F2-D1CE-4DF4-9E09-2E098ADE665A}.Debug|x86.ActiveCfg = Debug|x86
		{F969B9F2-D1CE-4DF4-9E09-2E098ADE665A}.Debug|x86.Build.0 = Debug|x86
		{F969B9F2-D1CE-4DF4-9E09-2E098ADE665A}.Release|Any CPU.ActiveCfg = Release|x86
		{F969B9F2-D1CE-4DF4-9E09-2E098ADE665A}.Release|Any CPU.Build.0 = Release|x86
		{F969B9F2-D1CE-4DF4-9E09-2E098ADE665A}.Release|Mixed Platforms.ActiveCfg = Release|x86
		{F969B9F2-D1CE-4DF4-9E09-2E098ADE665A}.Release|Mixed Platforms.Build.0 = Release|x86
		{F969B9F2-D1CE-4DF4-9E09-2E098ADE665A}.Release|x86.ActiveCfg = Release|x86
		{F969B9F2-D1CE-4DF4-9E09-2E098ADE665A}.Release|x86.Build.0 = Release|x86
		{17108484-8789-4439-9C53-A2AFAEEB54BE}.Debug|Any CPU.ActiveCfg = Debug|x86
		{17108484-8789-4439-9C53-A2AFAEEB54BE}.Debug|Any CPU.Build.0 = Debug|x86
		{17108484-8789-4439-9C53-A2AFAEEB54BE}.Debug|Any CPU.Deploy.0 = Debug|x86
		{17108484-8789-4439-9C53-A2AFAEEB54BE}.Debug|Mixed Platforms.ActiveCfg = Debug|x86
		{17108484-8789-4439-9C53-A2AFAEEB54BE}.Debug|Mixed Platforms.Build.0 = Debug|x86
		{17108484-8789-4439-9C53-A2AFAEEB54BE}.Debug|x86.ActiveCfg = Debug|x86
		{17108484-8789-4439-9C53-A2AFAEEB54BE}.Debug|x86.Build.0 = Debug|x86
		{17108484-8789-4439-9C53-A2AFAEEB54BE}.Release|Any CPU.ActiveCfg = Release|x86
		{17108484-8789-4439-9C53-A2AFAEEB54BE}.Release|Any CPU.Build.0 = Release|x86
		{17108484-8789-4439-9C53-A2AFAEEB54BE}.Release|Mixed Platforms.ActiveCfg = Release|x86
		{17108484-8789-4439-9C53-A2AFAEEB54BE}.Release|Mixed Platforms.Build.0 = Release|x86
		{17108484-8789-4439-9C53-A2AFAEEB54BE}.Release|x86.ActiveCfg = Release|x86
		{17108484-8789-4439-9C53-A2AFAEEB54BE}.Release|x86.Build.0 = Release|x86
		{B8ECB2CF-11CF-4C06-A817-CC7700360168}.Debug|Any CPU.ActiveCfg = Debug|Any CPU
		{B8ECB2CF-11CF-4C06-A817-CC7700360168}.Debug|Any CPU.Build.0 = Debug|Any CPU
		{B8ECB2CF-11CF-4C06-A817-CC7700360168}.Debug|Any CPU.Deploy.0 = Debug|Any CPU
		{B8ECB2CF-11CF-4C06-A817-CC7700360168}.Debug|Mixed Platforms.ActiveCfg = Debug|Any CPU
		{B8ECB2CF-11CF-4C06-A817-CC7700360168}.Debug|Mixed Platforms.Build.0 = Debug|Any CPU
		{B8ECB2CF-11CF-4C06-A817-CC7700360168}.Debug|x86.ActiveCfg = Debug|Any CPU
		{B8ECB2CF-11CF-4C06-A817-CC7700360168}.Debug|x86.Build.0 = Debug|Any CPU
		{B8ECB2CF-11CF-4C06-A817-CC7700360168}.Release|Any CPU.ActiveCfg = Release|Any CPU
		{B8ECB2CF-11CF-4C06-A817-CC7700360168}.Release|Any CPU.Build.0 = Release|Any CPU
		{B8ECB2CF-11CF-4C06-A817-CC7700360168}.Release|Mixed Platforms.ActiveCfg = Release|Any CPU
		{B8ECB2CF-11CF-4C06-A817-CC7700360168}.Release|Mixed Platforms.Build.0 = Release|Any CPU
		{B8ECB2CF-11CF-4C06-A817-CC7700360168}.Release|x86.ActiveCfg = Release|Any CPU
		{B8ECB2CF-11CF-4C06-A817-CC7700360168}.Release|x86.Build.0 = Release|Any CPU
		{E0526237-4F52-4A82-9433-9308431F1214}.Debug|Any CPU.ActiveCfg = Debug|Any CPU
		{E0526237-4F52-4A82-9433-9308431F1214}.Debug|Any CPU.Build.0 = Debug|Any CPU
		{E0526237-4F52-4A82-9433-9308431F1214}.Debug|Any CPU.Deploy.0 = Debug|Any CPU
		{E0526237-4F52-4A82-9433-9308431F1214}.Debug|Mixed Platforms.ActiveCfg = Debug|Any CPU
		{E0526237-4F52-4A82-9433-9308431F1214}.Debug|Mixed Platforms.Build.0 = Debug|Any CPU
		{E0526237-4F52-4A82-9433-9308431F1214}.Debug|x86.ActiveCfg = Debug|Any CPU
		{E0526237-4F52-4A82-9433-9308431F1214}.Debug|x86.Build.0 = Debug|Any CPU
		{E0526237-4F52-4A82-9433-9308431F1214}.Release|Any CPU.ActiveCfg = Release|Any CPU
		{E0526237-4F52-4A82-9433-9308431F1214}.Release|Any CPU.Build.0 = Release|Any CPU
		{E0526237-4F52-4A82-9433-9308431F1214}.Release|Mixed Platforms.ActiveCfg = Release|Any CPU
		{E0526237-4F52-4A82-9433-9308431F1214}.Release|Mixed Platforms.Build.0 = Release|Any CPU
		{E0526237-4F52-4A82-9433-9308431F1214}.Release|x86.ActiveCfg = Release|Any CPU
		{E0526237-4F52-4A82-9433-9308431F1214}.Release|x86.Build.0 = Release|Any CPU
		{5BCDA33E-90D7-462E-8B4D-768258C92BBB}.Debug|Any CPU.ActiveCfg = Debug|Any CPU
		{5BCDA33E-90D7-462E-8B4D-768258C92BBB}.Debug|Any CPU.Build.0 = Debug|Any CPU
		{5BCDA33E-90D7-462E-8B4D-768258C92BBB}.Debug|Any CPU.Deploy.0 = Debug|Any CPU
		{5BCDA33E-90D7-462E-8B4D-768258C92BBB}.Debug|Mixed Platforms.ActiveCfg = Debug|Any CPU
		{5BCDA33E-90D7-462E-8B4D-768258C92BBB}.Debug|Mixed Platforms.Build.0 = Debug|Any CPU
		{5BCDA33E-90D7-462E-8B4D-768258C92BBB}.Debug|x86.ActiveCfg = Debug|Any CPU
		{5BCDA33E-90D7-462E-8B4D-768258C92BBB}.Debug|x86.Build.0 = Debug|Any CPU
		{5BCDA33E-90D7-462E-8B4D-768258C92BBB}.Release|Any CPU.ActiveCfg = Release|Any CPU
		{5BCDA33E-90D7-462E-8B4D-768258C92BBB}.Release|Any CPU.Build.0 = Release|Any CPU
		{5BCDA33E-90D7-462E-8B4D-768258C92BBB}.Release|Mixed Platforms.ActiveCfg = Release|Any CPU
		{5BCDA33E-90D7-462E-8B4D-768258C92BBB}.Release|Mixed Platforms.Build.0 = Release|Any CPU
		{5BCDA33E-90D7-462E-8B4D-768258C92BBB}.Release|x86.ActiveCfg = Release|Any CPU
		{5BCDA33E-90D7-462E-8B4D-768258C92BBB}.Release|x86.Build.0 = Release|Any CPU
		{ABF79BD5-8EA2-4F42-9C1A-41AFC3A6EAEB}.Debug|Any CPU.ActiveCfg = Debug|Any CPU
		{ABF79BD5-8EA2-4F42-9C1A-41AFC3A6EAEB}.Debug|Any CPU.Build.0 = Debug|Any CPU
		{ABF79BD5-8EA2-4F42-9C1A-41AFC3A6EAEB}.Debug|Any CPU.Deploy.0 = Debug|Any CPU
		{ABF79BD5-8EA2-4F42-9C1A-41AFC3A6EAEB}.Debug|Mixed Platforms.ActiveCfg = Debug|Any CPU
		{ABF79BD5-8EA2-4F42-9C1A-41AFC3A6EAEB}.Debug|Mixed Platforms.Build.0 = Debug|Any CPU
		{ABF79BD5-8EA2-4F42-9C1A-41AFC3A6EAEB}.Debug|x86.ActiveCfg = Debug|Any CPU
		{ABF79BD5-8EA2-4F42-9C1A-41AFC3A6EAEB}.Debug|x86.Build.0 = Debug|Any CPU
		{ABF79BD5-8EA2-4F42-9C1A-41AFC3A6EAEB}.Release|Any CPU.ActiveCfg = Release|Any CPU
		{ABF79BD5-8EA2-4F42-9C1A-41AFC3A6EAEB}.Release|Any CPU.Build.0 = Release|Any CPU
		{ABF79BD5-8EA2-4F42-9C1A-41AFC3A6EAEB}.Release|Mixed Platforms.ActiveCfg = Release|Any CPU
		{ABF79BD5-8EA2-4F42-9C1A-41AFC3A6EAEB}.Release|Mixed Platforms.Build.0 = Release|Any CPU
		{ABF79BD5-8EA2-4F42-9C1A-41AFC3A6EAEB}.Release|x86.ActiveCfg = Release|Any CPU
		{ABF79BD5-8EA2-4F42-9C1A-41AFC3A6EAEB}.Release|x86.Build.0 = Release|Any CPU
		{8EFE2319-3D0D-4E57-B25F-02E6401FC45F}.Debug|Any CPU.ActiveCfg = Debug|Any CPU
		{8EFE2319-3D0D-4E57-B25F-02E6401FC45F}.Debug|Any CPU.Build.0 = Debug|Any CPU
		{8EFE2319-3D0D-4E57-B25F-02E6401FC45F}.Debug|Any CPU.Deploy.0 = Debug|Any CPU
		{8EFE2319-3D0D-4E57-B25F-02E6401FC45F}.Debug|Mixed Platforms.ActiveCfg = Debug|Any CPU
		{8EFE2319-3D0D-4E57-B25F-02E6401FC45F}.Debug|Mixed Platforms.Build.0 = Debug|Any CPU
		{8EFE2319-3D0D-4E57-B25F-02E6401FC45F}.Debug|x86.ActiveCfg = Debug|Any CPU
		{8EFE2319-3D0D-4E57-B25F-02E6401FC45F}.Debug|x86.Build.0 = Debug|Any CPU
		{8EFE2319-3D0D-4E57-B25F-02E6401FC45F}.Release|Any CPU.ActiveCfg = Release|Any CPU
		{8EFE2319-3D0D-4E57-B25F-02E6401FC45F}.Release|Any CPU.Build.0 = Release|Any CPU
		{8EFE2319-3D0D-4E57-B25F-02E6401FC45F}.Release|Mixed Platforms.ActiveCfg = Release|Any CPU
		{8EFE2319-3D0D-4E57-B25F-02E6401FC45F}.Release|Mixed Platforms.Build.0 = Release|Any CPU
		{8EFE2319-3D0D-4E57-B25F-02E6401FC45F}.Release|x86.ActiveCfg = Release|Any CPU
		{8EFE2319-3D0D-4E57-B25F-02E6401FC45F}.Release|x86.Build.0 = Release|Any CPU
		{94AA6C5B-5A98-492D-B79E-23C1437EDA8B}.Debug|Any CPU.ActiveCfg = Debug|Any CPU
		{94AA6C5B-5A98-492D-B79E-23C1437EDA8B}.Debug|Any CPU.Build.0 = Debug|Any CPU
		{94AA6C5B-5A98-492D-B79E-23C1437EDA8B}.Debug|Any CPU.Deploy.0 = Debug|Any CPU
		{94AA6C5B-5A98-492D-B79E-23C1437EDA8B}.Debug|Mixed Platforms.ActiveCfg = Debug|Any CPU
		{94AA6C5B-5A98-492D-B79E-23C1437EDA8B}.Debug|Mixed Platforms.Build.0 = Debug|Any CPU
		{94AA6C5B-5A98-492D-B79E-23C1437EDA8B}.Debug|x86.ActiveCfg = Debug|Any CPU
		{94AA6C5B-5A98-492D-B79E-23C1437EDA8B}.Debug|x86.Build.0 = Debug|Any CPU
		{94AA6C5B-5A98-492D-B79E-23C1437EDA8B}.Release|Any CPU.ActiveCfg = Release|Any CPU
		{94AA6C5B-5A98-492D-B79E-23C1437EDA8B}.Release|Any CPU.Build.0 = Release|Any CPU
		{94AA6C5B-5A98-492D-B79E-23C1437EDA8B}.Release|Mixed Platforms.ActiveCfg = Release|Any CPU
		{94AA6C5B-5A98-492D-B79E-23C1437EDA8B}.Release|Mixed Platforms.Build.0 = Release|Any CPU
		{94AA6C5B-5A98-492D-B79E-23C1437EDA8B}.Release|x86.ActiveCfg = Release|Any CPU
		{94AA6C5B-5A98-492D-B79E-23C1437EDA8B}.Release|x86.Build.0 = Release|Any CPU
		{F54C544C-716D-477C-A7D0-6AAE6F04902D}.Debug|Any CPU.ActiveCfg = Debug|Any CPU
		{F54C544C-716D-477C-A7D0-6AAE6F04902D}.Debug|Any CPU.Build.0 = Debug|Any CPU
		{F54C544C-716D-477C-A7D0-6AAE6F04902D}.Debug|Any CPU.Deploy.0 = Debug|Any CPU
		{F54C544C-716D-477C-A7D0-6AAE6F04902D}.Debug|Mixed Platforms.ActiveCfg = Debug|Any CPU
		{F54C544C-716D-477C-A7D0-6AAE6F04902D}.Debug|Mixed Platforms.Build.0 = Debug|Any CPU
		{F54C544C-716D-477C-A7D0-6AAE6F04902D}.Debug|x86.ActiveCfg = Debug|Any CPU
		{F54C544C-716D-477C-A7D0-6AAE6F04902D}.Debug|x86.Build.0 = Debug|Any CPU
		{F54C544C-716D-477C-A7D0-6AAE6F04902D}.Release|Any CPU.ActiveCfg = Release|Any CPU
		{F54C544C-716D-477C-A7D0-6AAE6F04902D}.Release|Any CPU.Build.0 = Release|Any CPU
		{F54C544C-716D-477C-A7D0-6AAE6F04902D}.Release|Mixed Platforms.ActiveCfg = Release|Any CPU
		{F54C544C-716D-477C-A7D0-6AAE6F04902D}.Release|Mixed Platforms.Build.0 = Release|Any CPU
		{F54C544C-716D-477C-A7D0-6AAE6F04902D}.Release|x86.ActiveCfg = Release|Any CPU
		{F54C544C-716D-477C-A7D0-6AAE6F04902D}.Release|x86.Build.0 = Release|Any CPU
		{D72E15FF-84F3-41E2-AC15-F8BAFA7FFBD4}.Debug|Any CPU.ActiveCfg = Debug|Any CPU
		{D72E15FF-84F3-41E2-AC15-F8BAFA7FFBD4}.Debug|Any CPU.Build.0 = Debug|Any CPU
		{D72E15FF-84F3-41E2-AC15-F8BAFA7FFBD4}.Debug|Any CPU.Deploy.0 = Debug|Any CPU
		{D72E15FF-84F3-41E2-AC15-F8BAFA7FFBD4}.Debug|Mixed Platforms.ActiveCfg = Debug|Any CPU
		{D72E15FF-84F3-41E2-AC15-F8BAFA7FFBD4}.Debug|Mixed Platforms.Build.0 = Debug|Any CPU
		{D72E15FF-84F3-41E2-AC15-F8BAFA7FFBD4}.Debug|x86.ActiveCfg = Debug|Any CPU
		{D72E15FF-84F3-41E2-AC15-F8BAFA7FFBD4}.Debug|x86.Build.0 = Debug|Any CPU
		{D72E15FF-84F3-41E2-AC15-F8BAFA7FFBD4}.Release|Any CPU.ActiveCfg = Release|Any CPU
		{D72E15FF-84F3-41E2-AC15-F8BAFA7FFBD4}.Release|Any CPU.Build.0 = Release|Any CPU
		{D72E15FF-84F3-41E2-AC15-F8BAFA7FFBD4}.Release|Mixed Platforms.ActiveCfg = Release|Any CPU
		{D72E15FF-84F3-41E2-AC15-F8BAFA7FFBD4}.Release|Mixed Platforms.Build.0 = Release|Any CPU
		{D72E15FF-84F3-41E2-AC15-F8BAFA7FFBD4}.Release|x86.ActiveCfg = Release|Any CPU
		{D72E15FF-84F3-41E2-AC15-F8BAFA7FFBD4}.Release|x86.Build.0 = Release|Any CPU
		{E406EED1-8BE6-4BB1-A498-1FCF485D19B3}.Debug|Any CPU.ActiveCfg = Debug|Any CPU
		{E406EED1-8BE6-4BB1-A498-1FCF485D19B3}.Debug|Any CPU.Build.0 = Debug|Any CPU
		{E406EED1-8BE6-4BB1-A498-1FCF485D19B3}.Debug|Any CPU.Deploy.0 = Debug|Any CPU
		{E406EED1-8BE6-4BB1-A498-1FCF485D19B3}.Debug|Mixed Platforms.ActiveCfg = Debug|Any CPU
		{E406EED1-8BE6-4BB1-A498-1FCF485D19B3}.Debug|Mixed Platforms.Build.0 = Debug|Any CPU
		{E406EED1-8BE6-4BB1-A498-1FCF485D19B3}.Debug|x86.ActiveCfg = Debug|Any CPU
		{E406EED1-8BE6-4BB1-A498-1FCF485D19B3}.Debug|x86.Build.0 = Debug|Any CPU
		{E406EED1-8BE6-4BB1-A498-1FCF485D19B3}.Release|Any CPU.ActiveCfg = Release|Any CPU
		{E406EED1-8BE6-4BB1-A498-1FCF485D19B3}.Release|Any CPU.Build.0 = Release|Any CPU
		{E406EED1-8BE6-4BB1-A498-1FCF485D19B3}.Release|Mixed Platforms.ActiveCfg = Release|Any CPU
		{E406EED1-8BE6-4BB1-A498-1FCF485D19B3}.Release|Mixed Platforms.Build.0 = Release|Any CPU
		{E406EED1-8BE6-4BB1-A498-1FCF485D19B3}.Release|x86.ActiveCfg = Release|Any CPU
		{E406EED1-8BE6-4BB1-A498-1FCF485D19B3}.Release|x86.Build.0 = Release|Any CPU
		{B925A846-5EDE-436F-B217-6B35DAF5AFA1}.Debug|Any CPU.ActiveCfg = Debug|Any CPU
		{B925A846-5EDE-436F-B217-6B35DAF5AFA1}.Debug|Any CPU.Build.0 = Debug|Any CPU
		{B925A846-5EDE-436F-B217-6B35DAF5AFA1}.Debug|Any CPU.Deploy.0 = Debug|Any CPU
		{B925A846-5EDE-436F-B217-6B35DAF5AFA1}.Debug|Mixed Platforms.ActiveCfg = Debug|Any CPU
		{B925A846-5EDE-436F-B217-6B35DAF5AFA1}.Debug|Mixed Platforms.Build.0 = Debug|Any CPU
		{B925A846-5EDE-436F-B217-6B35DAF5AFA1}.Debug|x86.ActiveCfg = Debug|Any CPU
		{B925A846-5EDE-436F-B217-6B35DAF5AFA1}.Debug|x86.Build.0 = Debug|Any CPU
		{B925A846-5EDE-436F-B217-6B35DAF5AFA1}.Release|Any CPU.ActiveCfg = Release|Any CPU
		{B925A846-5EDE-436F-B217-6B35DAF5AFA1}.Release|Any CPU.Build.0 = Release|Any CPU
		{B925A846-5EDE-436F-B217-6B35DAF5AFA1}.Release|Mixed Platforms.ActiveCfg = Release|Any CPU
		{B925A846-5EDE-436F-B217-6B35DAF5AFA1}.Release|Mixed Platforms.Build.0 = Release|Any CPU
		{B925A846-5EDE-436F-B217-6B35DAF5AFA1}.Release|x86.ActiveCfg = Release|Any CPU
		{B925A846-5EDE-436F-B217-6B35DAF5AFA1}.Release|x86.Build.0 = Release|Any CPU
		{F99B3A2B-8E77-4A8E-AD2B-C43C65153C9B}.Debug|Any CPU.ActiveCfg = Debug|Any CPU
		{F99B3A2B-8E77-4A8E-AD2B-C43C65153C9B}.Debug|Any CPU.Build.0 = Debug|Any CPU
		{F99B3A2B-8E77-4A8E-AD2B-C43C65153C9B}.Debug|Any CPU.Deploy.0 = Debug|Any CPU
		{F99B3A2B-8E77-4A8E-AD2B-C43C65153C9B}.Debug|Mixed Platforms.ActiveCfg = Debug|Any CPU
		{F99B3A2B-8E77-4A8E-AD2B-C43C65153C9B}.Debug|Mixed Platforms.Build.0 = Debug|Any CPU
		{F99B3A2B-8E77-4A8E-AD2B-C43C65153C9B}.Debug|x86.ActiveCfg = Debug|Any CPU
		{F99B3A2B-8E77-4A8E-AD2B-C43C65153C9B}.Debug|x86.Build.0 = Debug|Any CPU
		{F99B3A2B-8E77-4A8E-AD2B-C43C65153C9B}.Release|Any CPU.ActiveCfg = Release|Any CPU
		{F99B3A2B-8E77-4A8E-AD2B-C43C65153C9B}.Release|Any CPU.Build.0 = Release|Any CPU
		{F99B3A2B-8E77-4A8E-AD2B-C43C65153C9B}.Release|Mixed Platforms.ActiveCfg = Release|Any CPU
		{F99B3A2B-8E77-4A8E-AD2B-C43C65153C9B}.Release|Mixed Platforms.Build.0 = Release|Any CPU
		{F99B3A2B-8E77-4A8E-AD2B-C43C65153C9B}.Release|x86.ActiveCfg = Release|Any CPU
		{F99B3A2B-8E77-4A8E-AD2B-C43C65153C9B}.Release|x86.Build.0 = Release|Any CPU
		{CC0BB903-7EA1-4C44-BD4E-FCBE41CE7B20}.Debug|Any CPU.ActiveCfg = Debug|Any CPU
		{CC0BB903-7EA1-4C44-BD4E-FCBE41CE7B20}.Debug|Any CPU.Build.0 = Debug|Any CPU
		{CC0BB903-7EA1-4C44-BD4E-FCBE41CE7B20}.Debug|Any CPU.Deploy.0 = Debug|Any CPU
		{CC0BB903-7EA1-4C44-BD4E-FCBE41CE7B20}.Debug|Mixed Platforms.ActiveCfg = Debug|Any CPU
		{CC0BB903-7EA1-4C44-BD4E-FCBE41CE7B20}.Debug|Mixed Platforms.Build.0 = Debug|Any CPU
		{CC0BB903-7EA1-4C44-BD4E-FCBE41CE7B20}.Debug|x86.ActiveCfg = Debug|Any CPU
		{CC0BB903-7EA1-4C44-BD4E-FCBE41CE7B20}.Debug|x86.Build.0 = Debug|Any CPU
		{CC0BB903-7EA1-4C44-BD4E-FCBE41CE7B20}.Release|Any CPU.ActiveCfg = Release|Any CPU
		{CC0BB903-7EA1-4C44-BD4E-FCBE41CE7B20}.Release|Any CPU.Build.0 = Release|Any CPU
		{CC0BB903-7EA1-4C44-BD4E-FCBE41CE7B20}.Release|Mixed Platforms.ActiveCfg = Release|Any CPU
		{CC0BB903-7EA1-4C44-BD4E-FCBE41CE7B20}.Release|Mixed Platforms.Build.0 = Release|Any CPU
		{CC0BB903-7EA1-4C44-BD4E-FCBE41CE7B20}.Release|x86.ActiveCfg = Release|Any CPU
		{CC0BB903-7EA1-4C44-BD4E-FCBE41CE7B20}.Release|x86.Build.0 = Release|Any CPU
		{F8B3DE4F-9D4F-48EC-944C-31D0D81DB516}.Debug|Any CPU.ActiveCfg = Debug|Any CPU
		{F8B3DE4F-9D4F-48EC-944C-31D0D81DB516}.Debug|Any CPU.Build.0 = Debug|Any CPU
		{F8B3DE4F-9D4F-48EC-944C-31D0D81DB516}.Debug|Any CPU.Deploy.0 = Debug|Any CPU
		{F8B3DE4F-9D4F-48EC-944C-31D0D81DB516}.Debug|Mixed Platforms.ActiveCfg = Debug|Any CPU
		{F8B3DE4F-9D4F-48EC-944C-31D0D81DB516}.Debug|Mixed Platforms.Build.0 = Debug|Any CPU
		{F8B3DE4F-9D4F-48EC-944C-31D0D81DB516}.Debug|x86.ActiveCfg = Debug|Any CPU
		{F8B3DE4F-9D4F-48EC-944C-31D0D81DB516}.Debug|x86.Build.0 = Debug|Any CPU
		{F8B3DE4F-9D4F-48EC-944C-31D0D81DB516}.Release|Any CPU.ActiveCfg = Release|Any CPU
		{F8B3DE4F-9D4F-48EC-944C-31D0D81DB516}.Release|Any CPU.Build.0 = Release|Any CPU
		{F8B3DE4F-9D4F-48EC-944C-31D0D81DB516}.Release|Mixed Platforms.ActiveCfg = Release|Any CPU
		{F8B3DE4F-9D4F-48EC-944C-31D0D81DB516}.Release|Mixed Platforms.Build.0 = Release|Any CPU
		{F8B3DE4F-9D4F-48EC-944C-31D0D81DB516}.Release|x86.ActiveCfg = Release|Any CPU
		{F8B3DE4F-9D4F-48EC-944C-31D0D81DB516}.Release|x86.Build.0 = Release|Any CPU
		{30556790-B657-4468-8022-4EFE710C5235}.Debug|Any CPU.ActiveCfg = Debug|Any CPU
		{30556790-B657-4468-8022-4EFE710C5235}.Debug|Any CPU.Build.0 = Debug|Any CPU
		{30556790-B657-4468-8022-4EFE710C5235}.Debug|Any CPU.Deploy.0 = Debug|Any CPU
		{30556790-B657-4468-8022-4EFE710C5235}.Debug|Mixed Platforms.ActiveCfg = Debug|Any CPU
		{30556790-B657-4468-8022-4EFE710C5235}.Debug|Mixed Platforms.Build.0 = Debug|Any CPU
		{30556790-B657-4468-8022-4EFE710C5235}.Debug|x86.ActiveCfg = Debug|Any CPU
		{30556790-B657-4468-8022-4EFE710C5235}.Debug|x86.Build.0 = Debug|Any CPU
		{30556790-B657-4468-8022-4EFE710C5235}.Release|Any CPU.ActiveCfg = Release|Any CPU
		{30556790-B657-4468-8022-4EFE710C5235}.Release|Any CPU.Build.0 = Release|Any CPU
		{30556790-B657-4468-8022-4EFE710C5235}.Release|Mixed Platforms.ActiveCfg = Release|Any CPU
		{30556790-B657-4468-8022-4EFE710C5235}.Release|Mixed Platforms.Build.0 = Release|Any CPU
		{30556790-B657-4468-8022-4EFE710C5235}.Release|x86.ActiveCfg = Release|Any CPU
		{30556790-B657-4468-8022-4EFE710C5235}.Release|x86.Build.0 = Release|Any CPU
		{CF1D2665-E746-48F0-AAC8-81086EB3FF86}.Debug|Any CPU.ActiveCfg = Debug|Any CPU
		{CF1D2665-E746-48F0-AAC8-81086EB3FF86}.Debug|Any CPU.Build.0 = Debug|Any CPU
		{CF1D2665-E746-48F0-AAC8-81086EB3FF86}.Debug|Any CPU.Deploy.0 = Debug|Any CPU
		{CF1D2665-E746-48F0-AAC8-81086EB3FF86}.Debug|Mixed Platforms.ActiveCfg = Debug|Any CPU
		{CF1D2665-E746-48F0-AAC8-81086EB3FF86}.Debug|Mixed Platforms.Build.0 = Debug|Any CPU
		{CF1D2665-E746-48F0-AAC8-81086EB3FF86}.Debug|x86.ActiveCfg = Debug|Any CPU
		{CF1D2665-E746-48F0-AAC8-81086EB3FF86}.Debug|x86.Build.0 = Debug|Any CPU
		{CF1D2665-E746-48F0-AAC8-81086EB3FF86}.Release|Any CPU.ActiveCfg = Release|Any CPU
		{CF1D2665-E746-48F0-AAC8-81086EB3FF86}.Release|Any CPU.Build.0 = Release|Any CPU
		{CF1D2665-E746-48F0-AAC8-81086EB3FF86}.Release|Mixed Platforms.ActiveCfg = Release|Any CPU
		{CF1D2665-E746-48F0-AAC8-81086EB3FF86}.Release|Mixed Platforms.Build.0 = Release|Any CPU
		{CF1D2665-E746-48F0-AAC8-81086EB3FF86}.Release|x86.ActiveCfg = Release|Any CPU
		{CF1D2665-E746-48F0-AAC8-81086EB3FF86}.Release|x86.Build.0 = Release|Any CPU
		{3CCD2F7A-E97F-4BBE-82AF-C5F356E93F9B}.Debug|Any CPU.ActiveCfg = Debug|Any CPU
		{3CCD2F7A-E97F-4BBE-82AF-C5F356E93F9B}.Debug|Any CPU.Build.0 = Debug|Any CPU
		{3CCD2F7A-E97F-4BBE-82AF-C5F356E93F9B}.Debug|Any CPU.Deploy.0 = Debug|Any CPU
		{3CCD2F7A-E97F-4BBE-82AF-C5F356E93F9B}.Debug|Mixed Platforms.ActiveCfg = Debug|Any CPU
		{3CCD2F7A-E97F-4BBE-82AF-C5F356E93F9B}.Debug|Mixed Platforms.Build.0 = Debug|Any CPU
		{3CCD2F7A-E97F-4BBE-82AF-C5F356E93F9B}.Debug|Mixed Platforms.Deploy.0 = Debug|Any CPU
		{3CCD2F7A-E97F-4BBE-82AF-C5F356E93F9B}.Debug|x86.ActiveCfg = Debug|Any CPU
		{3CCD2F7A-E97F-4BBE-82AF-C5F356E93F9B}.Debug|x86.Build.0 = Debug|Any CPU
		{3CCD2F7A-E97F-4BBE-82AF-C5F356E93F9B}.Debug|x86.Deploy.0 = Debug|Any CPU
		{3CCD2F7A-E97F-4BBE-82AF-C5F356E93F9B}.Release|Any CPU.ActiveCfg = Release|Any CPU
		{3CCD2F7A-E97F-4BBE-82AF-C5F356E93F9B}.Release|Any CPU.Build.0 = Release|Any CPU
		{3CCD2F7A-E97F-4BBE-82AF-C5F356E93F9B}.Release|Any CPU.Deploy.0 = Release|Any CPU
		{3CCD2F7A-E97F-4BBE-82AF-C5F356E93F9B}.Release|Mixed Platforms.ActiveCfg = Release|Any CPU
		{3CCD2F7A-E97F-4BBE-82AF-C5F356E93F9B}.Release|Mixed Platforms.Build.0 = Release|Any CPU
		{3CCD2F7A-E97F-4BBE-82AF-C5F356E93F9B}.Release|Mixed Platforms.Deploy.0 = Release|Any CPU
		{3CCD2F7A-E97F-4BBE-82AF-C5F356E93F9B}.Release|x86.ActiveCfg = Release|Any CPU
		{3CCD2F7A-E97F-4BBE-82AF-C5F356E93F9B}.Release|x86.Build.0 = Release|Any CPU
		{3CCD2F7A-E97F-4BBE-82AF-C5F356E93F9B}.Release|x86.Deploy.0 = Release|Any CPU
		{020C3855-223E-4260-9146-F0C9DD5028A9}.Debug|Any CPU.ActiveCfg = Debug|Any CPU
		{020C3855-223E-4260-9146-F0C9DD5028A9}.Debug|Any CPU.Build.0 = Debug|Any CPU
		{020C3855-223E-4260-9146-F0C9DD5028A9}.Debug|Any CPU.Deploy.0 = Debug|Any CPU
		{020C3855-223E-4260-9146-F0C9DD5028A9}.Debug|Mixed Platforms.ActiveCfg = Debug|Any CPU
		{020C3855-223E-4260-9146-F0C9DD5028A9}.Debug|Mixed Platforms.Build.0 = Debug|Any CPU
		{020C3855-223E-4260-9146-F0C9DD5028A9}.Debug|Mixed Platforms.Deploy.0 = Debug|Any CPU
		{020C3855-223E-4260-9146-F0C9DD5028A9}.Debug|x86.ActiveCfg = Debug|Any CPU
		{020C3855-223E-4260-9146-F0C9DD5028A9}.Release|Any CPU.ActiveCfg = Release|Any CPU
		{020C3855-223E-4260-9146-F0C9DD5028A9}.Release|Any CPU.Build.0 = Release|Any CPU
		{020C3855-223E-4260-9146-F0C9DD5028A9}.Release|Any CPU.Deploy.0 = Release|Any CPU
		{020C3855-223E-4260-9146-F0C9DD5028A9}.Release|Mixed Platforms.ActiveCfg = Release|Any CPU
		{020C3855-223E-4260-9146-F0C9DD5028A9}.Release|Mixed Platforms.Build.0 = Release|Any CPU
		{020C3855-223E-4260-9146-F0C9DD5028A9}.Release|Mixed Platforms.Deploy.0 = Release|Any CPU
		{020C3855-223E-4260-9146-F0C9DD5028A9}.Release|x86.ActiveCfg = Release|Any CPU
		{1A7056DC-FF2D-4CBB-87DC-CB41AF30E550}.Debug|Any CPU.ActiveCfg = Debug|Any CPU
		{1A7056DC-FF2D-4CBB-87DC-CB41AF30E550}.Debug|Any CPU.Build.0 = Debug|Any CPU
		{1A7056DC-FF2D-4CBB-87DC-CB41AF30E550}.Debug|Any CPU.Deploy.0 = Debug|Any CPU
		{1A7056DC-FF2D-4CBB-87DC-CB41AF30E550}.Debug|Mixed Platforms.ActiveCfg = Debug|Any CPU
		{1A7056DC-FF2D-4CBB-87DC-CB41AF30E550}.Debug|Mixed Platforms.Build.0 = Debug|Any CPU
		{1A7056DC-FF2D-4CBB-87DC-CB41AF30E550}.Debug|Mixed Platforms.Deploy.0 = Debug|Any CPU
		{1A7056DC-FF2D-4CBB-87DC-CB41AF30E550}.Debug|x86.ActiveCfg = Debug|Any CPU
		{1A7056DC-FF2D-4CBB-87DC-CB41AF30E550}.Release|Any CPU.ActiveCfg = Release|Any CPU
		{1A7056DC-FF2D-4CBB-87DC-CB41AF30E550}.Release|Any CPU.Build.0 = Release|Any CPU
		{1A7056DC-FF2D-4CBB-87DC-CB41AF30E550}.Release|Any CPU.Deploy.0 = Release|Any CPU
		{1A7056DC-FF2D-4CBB-87DC-CB41AF30E550}.Release|Mixed Platforms.ActiveCfg = Release|Any CPU
		{1A7056DC-FF2D-4CBB-87DC-CB41AF30E550}.Release|Mixed Platforms.Build.0 = Release|Any CPU
		{1A7056DC-FF2D-4CBB-87DC-CB41AF30E550}.Release|Mixed Platforms.Deploy.0 = Release|Any CPU
		{1A7056DC-FF2D-4CBB-87DC-CB41AF30E550}.Release|x86.ActiveCfg = Release|Any CPU
		{54CE0B18-46F8-4586-A40A-A77F8FA7FB2D}.Debug|Any CPU.ActiveCfg = Debug|Any CPU
		{54CE0B18-46F8-4586-A40A-A77F8FA7FB2D}.Debug|Any CPU.Build.0 = Debug|Any CPU
		{54CE0B18-46F8-4586-A40A-A77F8FA7FB2D}.Debug|Any CPU.Deploy.0 = Debug|Any CPU
		{54CE0B18-46F8-4586-A40A-A77F8FA7FB2D}.Debug|Mixed Platforms.ActiveCfg = Debug|Any CPU
		{54CE0B18-46F8-4586-A40A-A77F8FA7FB2D}.Debug|Mixed Platforms.Build.0 = Debug|Any CPU
		{54CE0B18-46F8-4586-A40A-A77F8FA7FB2D}.Debug|x86.ActiveCfg = Debug|Any CPU
		{54CE0B18-46F8-4586-A40A-A77F8FA7FB2D}.Debug|x86.Build.0 = Debug|Any CPU
		{54CE0B18-46F8-4586-A40A-A77F8FA7FB2D}.Release|Any CPU.ActiveCfg = Release|Any CPU
		{54CE0B18-46F8-4586-A40A-A77F8FA7FB2D}.Release|Any CPU.Build.0 = Release|Any CPU
		{54CE0B18-46F8-4586-A40A-A77F8FA7FB2D}.Release|Mixed Platforms.ActiveCfg = Release|Any CPU
		{54CE0B18-46F8-4586-A40A-A77F8FA7FB2D}.Release|Mixed Platforms.Build.0 = Release|Any CPU
		{54CE0B18-46F8-4586-A40A-A77F8FA7FB2D}.Release|x86.ActiveCfg = Release|Any CPU
		{54CE0B18-46F8-4586-A40A-A77F8FA7FB2D}.Release|x86.Build.0 = Release|Any CPU
		{A02478D2-6CB3-420F-88A8-FDD7FDF78FC9}.Debug|Any CPU.ActiveCfg = Debug|Any CPU
		{A02478D2-6CB3-420F-88A8-FDD7FDF78FC9}.Debug|Any CPU.Build.0 = Debug|Any CPU
		{A02478D2-6CB3-420F-88A8-FDD7FDF78FC9}.Debug|Any CPU.Deploy.0 = Debug|Any CPU
		{A02478D2-6CB3-420F-88A8-FDD7FDF78FC9}.Debug|Mixed Platforms.ActiveCfg = Debug|Any CPU
		{A02478D2-6CB3-420F-88A8-FDD7FDF78FC9}.Debug|Mixed Platforms.Build.0 = Debug|Any CPU
		{A02478D2-6CB3-420F-88A8-FDD7FDF78FC9}.Debug|x86.ActiveCfg = Debug|Any CPU
		{A02478D2-6CB3-420F-88A8-FDD7FDF78FC9}.Debug|x86.Build.0 = Debug|Any CPU
		{A02478D2-6CB3-420F-88A8-FDD7FDF78FC9}.Release|Any CPU.ActiveCfg = Release|Any CPU
		{A02478D2-6CB3-420F-88A8-FDD7FDF78FC9}.Release|Any CPU.Build.0 = Release|Any CPU
		{A02478D2-6CB3-420F-88A8-FDD7FDF78FC9}.Release|Mixed Platforms.ActiveCfg = Release|Any CPU
		{A02478D2-6CB3-420F-88A8-FDD7FDF78FC9}.Release|Mixed Platforms.Build.0 = Release|Any CPU
		{A02478D2-6CB3-420F-88A8-FDD7FDF78FC9}.Release|x86.ActiveCfg = Release|Any CPU
		{A02478D2-6CB3-420F-88A8-FDD7FDF78FC9}.Release|x86.Build.0 = Release|Any CPU
		{A329C83F-A3D5-4691-817F-E515E9646590}.Debug|Any CPU.ActiveCfg = Debug|Any CPU
		{A329C83F-A3D5-4691-817F-E515E9646590}.Debug|Any CPU.Build.0 = Debug|Any CPU
		{A329C83F-A3D5-4691-817F-E515E9646590}.Debug|Any CPU.Deploy.0 = Debug|Any CPU
		{A329C83F-A3D5-4691-817F-E515E9646590}.Debug|Mixed Platforms.ActiveCfg = Debug|Any CPU
		{A329C83F-A3D5-4691-817F-E515E9646590}.Debug|Mixed Platforms.Build.0 = Debug|Any CPU
		{A329C83F-A3D5-4691-817F-E515E9646590}.Debug|x86.ActiveCfg = Debug|Any CPU
		{A329C83F-A3D5-4691-817F-E515E9646590}.Debug|x86.Build.0 = Debug|Any CPU
		{A329C83F-A3D5-4691-817F-E515E9646590}.Release|Any CPU.ActiveCfg = Release|Any CPU
		{A329C83F-A3D5-4691-817F-E515E9646590}.Release|Any CPU.Build.0 = Release|Any CPU
		{A329C83F-A3D5-4691-817F-E515E9646590}.Release|Mixed Platforms.ActiveCfg = Release|Any CPU
		{A329C83F-A3D5-4691-817F-E515E9646590}.Release|Mixed Platforms.Build.0 = Release|Any CPU
		{A329C83F-A3D5-4691-817F-E515E9646590}.Release|x86.ActiveCfg = Release|Any CPU
		{A329C83F-A3D5-4691-817F-E515E9646590}.Release|x86.Build.0 = Release|Any CPU
		{39ACBAF9-6225-4687-9A73-B0983C61E6CD}.Debug|Any CPU.ActiveCfg = Debug|Any CPU
		{39ACBAF9-6225-4687-9A73-B0983C61E6CD}.Debug|Any CPU.Build.0 = Debug|Any CPU
		{39ACBAF9-6225-4687-9A73-B0983C61E6CD}.Debug|Any CPU.Deploy.0 = Debug|Any CPU
		{39ACBAF9-6225-4687-9A73-B0983C61E6CD}.Debug|Mixed Platforms.ActiveCfg = Debug|Any CPU
		{39ACBAF9-6225-4687-9A73-B0983C61E6CD}.Debug|Mixed Platforms.Build.0 = Debug|Any CPU
		{39ACBAF9-6225-4687-9A73-B0983C61E6CD}.Debug|x86.ActiveCfg = Debug|Any CPU
		{39ACBAF9-6225-4687-9A73-B0983C61E6CD}.Debug|x86.Build.0 = Debug|Any CPU
		{39ACBAF9-6225-4687-9A73-B0983C61E6CD}.Release|Any CPU.ActiveCfg = Release|Any CPU
		{39ACBAF9-6225-4687-9A73-B0983C61E6CD}.Release|Any CPU.Build.0 = Release|Any CPU
		{39ACBAF9-6225-4687-9A73-B0983C61E6CD}.Release|Mixed Platforms.ActiveCfg = Release|Any CPU
		{39ACBAF9-6225-4687-9A73-B0983C61E6CD}.Release|Mixed Platforms.Build.0 = Release|Any CPU
		{39ACBAF9-6225-4687-9A73-B0983C61E6CD}.Release|x86.ActiveCfg = Release|Any CPU
		{39ACBAF9-6225-4687-9A73-B0983C61E6CD}.Release|x86.Build.0 = Release|Any CPU
		{DBB3C3D2-1A10-48D7-A8BC-071ED81CCBF7}.Debug|Any CPU.ActiveCfg = Debug|Any CPU
		{DBB3C3D2-1A10-48D7-A8BC-071ED81CCBF7}.Debug|Any CPU.Build.0 = Debug|Any CPU
		{DBB3C3D2-1A10-48D7-A8BC-071ED81CCBF7}.Debug|Any CPU.Deploy.0 = Debug|Any CPU
		{DBB3C3D2-1A10-48D7-A8BC-071ED81CCBF7}.Debug|Mixed Platforms.ActiveCfg = Debug|Any CPU
		{DBB3C3D2-1A10-48D7-A8BC-071ED81CCBF7}.Debug|Mixed Platforms.Build.0 = Debug|Any CPU
		{DBB3C3D2-1A10-48D7-A8BC-071ED81CCBF7}.Debug|x86.ActiveCfg = Debug|Any CPU
		{DBB3C3D2-1A10-48D7-A8BC-071ED81CCBF7}.Debug|x86.Build.0 = Debug|Any CPU
		{DBB3C3D2-1A10-48D7-A8BC-071ED81CCBF7}.Release|Any CPU.ActiveCfg = Release|Any CPU
		{DBB3C3D2-1A10-48D7-A8BC-071ED81CCBF7}.Release|Any CPU.Build.0 = Release|Any CPU
		{DBB3C3D2-1A10-48D7-A8BC-071ED81CCBF7}.Release|Mixed Platforms.ActiveCfg = Release|Any CPU
		{DBB3C3D2-1A10-48D7-A8BC-071ED81CCBF7}.Release|Mixed Platforms.Build.0 = Release|Any CPU
		{DBB3C3D2-1A10-48D7-A8BC-071ED81CCBF7}.Release|x86.ActiveCfg = Release|Any CPU
		{DBB3C3D2-1A10-48D7-A8BC-071ED81CCBF7}.Release|x86.Build.0 = Release|Any CPU
		{6BC95B6A-1ADE-4DE2-A7F9-D1015797A7FD}.Debug|Any CPU.ActiveCfg = Debug|Any CPU
		{6BC95B6A-1ADE-4DE2-A7F9-D1015797A7FD}.Debug|Any CPU.Build.0 = Debug|Any CPU
		{6BC95B6A-1ADE-4DE2-A7F9-D1015797A7FD}.Debug|Any CPU.Deploy.0 = Debug|Any CPU
		{6BC95B6A-1ADE-4DE2-A7F9-D1015797A7FD}.Debug|Mixed Platforms.ActiveCfg = Debug|Any CPU
		{6BC95B6A-1ADE-4DE2-A7F9-D1015797A7FD}.Debug|Mixed Platforms.Build.0 = Debug|Any CPU
		{6BC95B6A-1ADE-4DE2-A7F9-D1015797A7FD}.Debug|x86.ActiveCfg = Debug|Any CPU
		{6BC95B6A-1ADE-4DE2-A7F9-D1015797A7FD}.Debug|x86.Build.0 = Debug|Any CPU
		{6BC95B6A-1ADE-4DE2-A7F9-D1015797A7FD}.Release|Any CPU.ActiveCfg = Release|Any CPU
		{6BC95B6A-1ADE-4DE2-A7F9-D1015797A7FD}.Release|Any CPU.Build.0 = Release|Any CPU
		{6BC95B6A-1ADE-4DE2-A7F9-D1015797A7FD}.Release|Mixed Platforms.ActiveCfg = Release|Any CPU
		{6BC95B6A-1ADE-4DE2-A7F9-D1015797A7FD}.Release|Mixed Platforms.Build.0 = Release|Any CPU
		{6BC95B6A-1ADE-4DE2-A7F9-D1015797A7FD}.Release|x86.ActiveCfg = Release|Any CPU
		{6BC95B6A-1ADE-4DE2-A7F9-D1015797A7FD}.Release|x86.Build.0 = Release|Any CPU
		{E3BE0D8C-6734-4152-9D7D-91C7080ED496}.Debug|Any CPU.ActiveCfg = Debug|Any CPU
		{E3BE0D8C-6734-4152-9D7D-91C7080ED496}.Debug|Any CPU.Build.0 = Debug|Any CPU
		{E3BE0D8C-6734-4152-9D7D-91C7080ED496}.Debug|Any CPU.Deploy.0 = Debug|Any CPU
		{E3BE0D8C-6734-4152-9D7D-91C7080ED496}.Debug|Mixed Platforms.ActiveCfg = Debug|Any CPU
		{E3BE0D8C-6734-4152-9D7D-91C7080ED496}.Debug|Mixed Platforms.Build.0 = Debug|Any CPU
		{E3BE0D8C-6734-4152-9D7D-91C7080ED496}.Debug|x86.ActiveCfg = Debug|Any CPU
		{E3BE0D8C-6734-4152-9D7D-91C7080ED496}.Debug|x86.Build.0 = Debug|Any CPU
		{E3BE0D8C-6734-4152-9D7D-91C7080ED496}.Release|Any CPU.ActiveCfg = Release|Any CPU
		{E3BE0D8C-6734-4152-9D7D-91C7080ED496}.Release|Any CPU.Build.0 = Release|Any CPU
		{E3BE0D8C-6734-4152-9D7D-91C7080ED496}.Release|Mixed Platforms.ActiveCfg = Release|Any CPU
		{E3BE0D8C-6734-4152-9D7D-91C7080ED496}.Release|Mixed Platforms.Build.0 = Release|Any CPU
		{E3BE0D8C-6734-4152-9D7D-91C7080ED496}.Release|x86.ActiveCfg = Release|Any CPU
		{E3BE0D8C-6734-4152-9D7D-91C7080ED496}.Release|x86.Build.0 = Release|Any CPU
		{052C67A3-8C89-4D2D-8167-92E2D30974D0}.Debug|Any CPU.ActiveCfg = Debug|Any CPU
		{052C67A3-8C89-4D2D-8167-92E2D30974D0}.Debug|Any CPU.Build.0 = Debug|Any CPU
		{052C67A3-8C89-4D2D-8167-92E2D30974D0}.Debug|Any CPU.Deploy.0 = Debug|Any CPU
		{052C67A3-8C89-4D2D-8167-92E2D30974D0}.Debug|Mixed Platforms.ActiveCfg = Debug|Any CPU
		{052C67A3-8C89-4D2D-8167-92E2D30974D0}.Debug|Mixed Platforms.Build.0 = Debug|Any CPU
		{052C67A3-8C89-4D2D-8167-92E2D30974D0}.Debug|x86.ActiveCfg = Debug|Any CPU
		{052C67A3-8C89-4D2D-8167-92E2D30974D0}.Debug|x86.Build.0 = Debug|Any CPU
		{052C67A3-8C89-4D2D-8167-92E2D30974D0}.Release|Any CPU.ActiveCfg = Release|Any CPU
		{052C67A3-8C89-4D2D-8167-92E2D30974D0}.Release|Any CPU.Build.0 = Release|Any CPU
		{052C67A3-8C89-4D2D-8167-92E2D30974D0}.Release|Mixed Platforms.ActiveCfg = Release|Any CPU
		{052C67A3-8C89-4D2D-8167-92E2D30974D0}.Release|Mixed Platforms.Build.0 = Release|Any CPU
		{052C67A3-8C89-4D2D-8167-92E2D30974D0}.Release|x86.ActiveCfg = Release|Any CPU
		{052C67A3-8C89-4D2D-8167-92E2D30974D0}.Release|x86.Build.0 = Release|Any CPU
		{3951CEC5-D1AD-47E4-A4F3-48FE2EEC398B}.Debug|Any CPU.ActiveCfg = Debug|Any CPU
		{3951CEC5-D1AD-47E4-A4F3-48FE2EEC398B}.Debug|Any CPU.Build.0 = Debug|Any CPU
		{3951CEC5-D1AD-47E4-A4F3-48FE2EEC398B}.Debug|Any CPU.Deploy.0 = Debug|Any CPU
		{3951CEC5-D1AD-47E4-A4F3-48FE2EEC398B}.Debug|Mixed Platforms.ActiveCfg = Debug|Any CPU
		{3951CEC5-D1AD-47E4-A4F3-48FE2EEC398B}.Debug|Mixed Platforms.Build.0 = Debug|Any CPU
		{3951CEC5-D1AD-47E4-A4F3-48FE2EEC398B}.Debug|x86.ActiveCfg = Debug|Any CPU
		{3951CEC5-D1AD-47E4-A4F3-48FE2EEC398B}.Debug|x86.Build.0 = Debug|Any CPU
		{3951CEC5-D1AD-47E4-A4F3-48FE2EEC398B}.Release|Any CPU.ActiveCfg = Release|Any CPU
		{3951CEC5-D1AD-47E4-A4F3-48FE2EEC398B}.Release|Any CPU.Build.0 = Release|Any CPU
		{3951CEC5-D1AD-47E4-A4F3-48FE2EEC398B}.Release|Mixed Platforms.ActiveCfg = Release|Any CPU
		{3951CEC5-D1AD-47E4-A4F3-48FE2EEC398B}.Release|Mixed Platforms.Build.0 = Release|Any CPU
		{3951CEC5-D1AD-47E4-A4F3-48FE2EEC398B}.Release|x86.ActiveCfg = Release|Any CPU
		{3951CEC5-D1AD-47E4-A4F3-48FE2EEC398B}.Release|x86.Build.0 = Release|Any CPU
		{83D23E6C-AE22-4601-BEF7-8CD2CC8B18F0}.Debug|Any CPU.ActiveCfg = Debug|Any CPU
		{83D23E6C-AE22-4601-BEF7-8CD2CC8B18F0}.Debug|Any CPU.Build.0 = Debug|Any CPU
		{83D23E6C-AE22-4601-BEF7-8CD2CC8B18F0}.Debug|Any CPU.Deploy.0 = Debug|Any CPU
		{83D23E6C-AE22-4601-BEF7-8CD2CC8B18F0}.Debug|Mixed Platforms.ActiveCfg = Debug|Any CPU
		{83D23E6C-AE22-4601-BEF7-8CD2CC8B18F0}.Debug|Mixed Platforms.Build.0 = Debug|Any CPU
		{83D23E6C-AE22-4601-BEF7-8CD2CC8B18F0}.Debug|x86.ActiveCfg = Debug|Any CPU
		{83D23E6C-AE22-4601-BEF7-8CD2CC8B18F0}.Debug|x86.Build.0 = Debug|Any CPU
		{83D23E6C-AE22-4601-BEF7-8CD2CC8B18F0}.Release|Any CPU.ActiveCfg = Release|Any CPU
		{83D23E6C-AE22-4601-BEF7-8CD2CC8B18F0}.Release|Any CPU.Build.0 = Release|Any CPU
		{83D23E6C-AE22-4601-BEF7-8CD2CC8B18F0}.Release|Mixed Platforms.ActiveCfg = Release|Any CPU
		{83D23E6C-AE22-4601-BEF7-8CD2CC8B18F0}.Release|Mixed Platforms.Build.0 = Release|Any CPU
		{83D23E6C-AE22-4601-BEF7-8CD2CC8B18F0}.Release|x86.ActiveCfg = Release|Any CPU
		{83D23E6C-AE22-4601-BEF7-8CD2CC8B18F0}.Release|x86.Build.0 = Release|Any CPU
		{0353823B-EF18-461A-8BC7-ED633076F894}.Debug|Any CPU.ActiveCfg = Debug|Any CPU
		{0353823B-EF18-461A-8BC7-ED633076F894}.Debug|Any CPU.Build.0 = Debug|Any CPU
		{0353823B-EF18-461A-8BC7-ED633076F894}.Debug|Any CPU.Deploy.0 = Debug|Any CPU
		{0353823B-EF18-461A-8BC7-ED633076F894}.Debug|Mixed Platforms.ActiveCfg = Debug|Any CPU
		{0353823B-EF18-461A-8BC7-ED633076F894}.Debug|Mixed Platforms.Build.0 = Debug|Any CPU
		{0353823B-EF18-461A-8BC7-ED633076F894}.Debug|x86.ActiveCfg = Debug|Any CPU
		{0353823B-EF18-461A-8BC7-ED633076F894}.Debug|x86.Build.0 = Debug|Any CPU
		{0353823B-EF18-461A-8BC7-ED633076F894}.Release|Any CPU.ActiveCfg = Release|Any CPU
		{0353823B-EF18-461A-8BC7-ED633076F894}.Release|Any CPU.Build.0 = Release|Any CPU
		{0353823B-EF18-461A-8BC7-ED633076F894}.Release|Mixed Platforms.ActiveCfg = Release|Any CPU
		{0353823B-EF18-461A-8BC7-ED633076F894}.Release|Mixed Platforms.Build.0 = Release|Any CPU
		{0353823B-EF18-461A-8BC7-ED633076F894}.Release|x86.ActiveCfg = Release|Any CPU
		{0353823B-EF18-461A-8BC7-ED633076F894}.Release|x86.Build.0 = Release|Any CPU
		{8C19C0BD-A441-46C2-9A35-F2AE0685BDD4}.Debug|Any CPU.ActiveCfg = Debug|Any CPU
		{8C19C0BD-A441-46C2-9A35-F2AE0685BDD4}.Debug|Any CPU.Build.0 = Debug|Any CPU
		{8C19C0BD-A441-46C2-9A35-F2AE0685BDD4}.Debug|Any CPU.Deploy.0 = Debug|Any CPU
		{8C19C0BD-A441-46C2-9A35-F2AE0685BDD4}.Debug|Mixed Platforms.ActiveCfg = Debug|Any CPU
		{8C19C0BD-A441-46C2-9A35-F2AE0685BDD4}.Debug|Mixed Platforms.Build.0 = Debug|Any CPU
		{8C19C0BD-A441-46C2-9A35-F2AE0685BDD4}.Debug|x86.ActiveCfg = Debug|Any CPU
		{8C19C0BD-A441-46C2-9A35-F2AE0685BDD4}.Debug|x86.Build.0 = Debug|Any CPU
		{8C19C0BD-A441-46C2-9A35-F2AE0685BDD4}.Release|Any CPU.ActiveCfg = Release|Any CPU
		{8C19C0BD-A441-46C2-9A35-F2AE0685BDD4}.Release|Any CPU.Build.0 = Release|Any CPU
		{8C19C0BD-A441-46C2-9A35-F2AE0685BDD4}.Release|Mixed Platforms.ActiveCfg = Release|Any CPU
		{8C19C0BD-A441-46C2-9A35-F2AE0685BDD4}.Release|Mixed Platforms.Build.0 = Release|Any CPU
		{8C19C0BD-A441-46C2-9A35-F2AE0685BDD4}.Release|x86.ActiveCfg = Release|Any CPU
		{8C19C0BD-A441-46C2-9A35-F2AE0685BDD4}.Release|x86.Build.0 = Release|Any CPU
		{C2F83EF0-BD91-4782-AE88-1564B639A4A0}.Debug|Any CPU.ActiveCfg = Debug|Any CPU
		{C2F83EF0-BD91-4782-AE88-1564B639A4A0}.Debug|Any CPU.Build.0 = Debug|Any CPU
		{C2F83EF0-BD91-4782-AE88-1564B639A4A0}.Debug|Any CPU.Deploy.0 = Debug|Any CPU
		{C2F83EF0-BD91-4782-AE88-1564B639A4A0}.Debug|Mixed Platforms.ActiveCfg = Debug|Any CPU
		{C2F83EF0-BD91-4782-AE88-1564B639A4A0}.Debug|Mixed Platforms.Build.0 = Debug|Any CPU
		{C2F83EF0-BD91-4782-AE88-1564B639A4A0}.Debug|x86.ActiveCfg = Debug|Any CPU
		{C2F83EF0-BD91-4782-AE88-1564B639A4A0}.Debug|x86.Build.0 = Debug|Any CPU
		{C2F83EF0-BD91-4782-AE88-1564B639A4A0}.Release|Any CPU.ActiveCfg = Release|Any CPU
		{C2F83EF0-BD91-4782-AE88-1564B639A4A0}.Release|Any CPU.Build.0 = Release|Any CPU
		{C2F83EF0-BD91-4782-AE88-1564B639A4A0}.Release|Mixed Platforms.ActiveCfg = Release|Any CPU
		{C2F83EF0-BD91-4782-AE88-1564B639A4A0}.Release|Mixed Platforms.Build.0 = Release|Any CPU
		{C2F83EF0-BD91-4782-AE88-1564B639A4A0}.Release|x86.ActiveCfg = Release|Any CPU
		{C2F83EF0-BD91-4782-AE88-1564B639A4A0}.Release|x86.Build.0 = Release|Any CPU
		{E7F67E6C-21EB-4398-9700-46339E77E4A0}.Debug|Any CPU.ActiveCfg = Debug|Any CPU
		{E7F67E6C-21EB-4398-9700-46339E77E4A0}.Debug|Any CPU.Build.0 = Debug|Any CPU
		{E7F67E6C-21EB-4398-9700-46339E77E4A0}.Debug|Any CPU.Deploy.0 = Debug|Any CPU
		{E7F67E6C-21EB-4398-9700-46339E77E4A0}.Debug|Mixed Platforms.ActiveCfg = Debug|Any CPU
		{E7F67E6C-21EB-4398-9700-46339E77E4A0}.Debug|Mixed Platforms.Build.0 = Debug|Any CPU
		{E7F67E6C-21EB-4398-9700-46339E77E4A0}.Debug|x86.ActiveCfg = Debug|Any CPU
		{E7F67E6C-21EB-4398-9700-46339E77E4A0}.Debug|x86.Build.0 = Debug|Any CPU
		{E7F67E6C-21EB-4398-9700-46339E77E4A0}.Release|Any CPU.ActiveCfg = Release|Any CPU
		{E7F67E6C-21EB-4398-9700-46339E77E4A0}.Release|Any CPU.Build.0 = Release|Any CPU
		{E7F67E6C-21EB-4398-9700-46339E77E4A0}.Release|Mixed Platforms.ActiveCfg = Release|Any CPU
		{E7F67E6C-21EB-4398-9700-46339E77E4A0}.Release|Mixed Platforms.Build.0 = Release|Any CPU
		{E7F67E6C-21EB-4398-9700-46339E77E4A0}.Release|x86.ActiveCfg = Release|Any CPU
		{E7F67E6C-21EB-4398-9700-46339E77E4A0}.Release|x86.Build.0 = Release|Any CPU
		{4B8A886F-BC5C-4494-8DE3-7283C443BE68}.Debug|Any CPU.ActiveCfg = Debug|Any CPU
		{4B8A886F-BC5C-4494-8DE3-7283C443BE68}.Debug|Any CPU.Build.0 = Debug|Any CPU
		{4B8A886F-BC5C-4494-8DE3-7283C443BE68}.Debug|Any CPU.Deploy.0 = Debug|Any CPU
		{4B8A886F-BC5C-4494-8DE3-7283C443BE68}.Debug|Mixed Platforms.ActiveCfg = Debug|Any CPU
		{4B8A886F-BC5C-4494-8DE3-7283C443BE68}.Debug|Mixed Platforms.Build.0 = Debug|Any CPU
		{4B8A886F-BC5C-4494-8DE3-7283C443BE68}.Debug|x86.ActiveCfg = Debug|Any CPU
		{4B8A886F-BC5C-4494-8DE3-7283C443BE68}.Debug|x86.Build.0 = Debug|Any CPU
		{4B8A886F-BC5C-4494-8DE3-7283C443BE68}.Release|Any CPU.ActiveCfg = Release|Any CPU
		{4B8A886F-BC5C-4494-8DE3-7283C443BE68}.Release|Any CPU.Build.0 = Release|Any CPU
		{4B8A886F-BC5C-4494-8DE3-7283C443BE68}.Release|Mixed Platforms.ActiveCfg = Release|Any CPU
		{4B8A886F-BC5C-4494-8DE3-7283C443BE68}.Release|Mixed Platforms.Build.0 = Release|Any CPU
		{4B8A886F-BC5C-4494-8DE3-7283C443BE68}.Release|x86.ActiveCfg = Release|Any CPU
		{4B8A886F-BC5C-4494-8DE3-7283C443BE68}.Release|x86.Build.0 = Release|Any CPU
		{BD3E6BC5-EDBA-44BB-AAD2-EEA8E4EC9F31}.Debug|Any CPU.ActiveCfg = Debug|Any CPU
		{BD3E6BC5-EDBA-44BB-AAD2-EEA8E4EC9F31}.Debug|Any CPU.Build.0 = Debug|Any CPU
		{BD3E6BC5-EDBA-44BB-AAD2-EEA8E4EC9F31}.Debug|Any CPU.Deploy.0 = Debug|Any CPU
		{BD3E6BC5-EDBA-44BB-AAD2-EEA8E4EC9F31}.Debug|Mixed Platforms.ActiveCfg = Debug|Any CPU
		{BD3E6BC5-EDBA-44BB-AAD2-EEA8E4EC9F31}.Debug|Mixed Platforms.Build.0 = Debug|Any CPU
		{BD3E6BC5-EDBA-44BB-AAD2-EEA8E4EC9F31}.Debug|x86.ActiveCfg = Debug|Any CPU
		{BD3E6BC5-EDBA-44BB-AAD2-EEA8E4EC9F31}.Debug|x86.Build.0 = Debug|Any CPU
		{BD3E6BC5-EDBA-44BB-AAD2-EEA8E4EC9F31}.Release|Any CPU.ActiveCfg = Release|Any CPU
		{BD3E6BC5-EDBA-44BB-AAD2-EEA8E4EC9F31}.Release|Any CPU.Build.0 = Release|Any CPU
		{BD3E6BC5-EDBA-44BB-AAD2-EEA8E4EC9F31}.Release|Mixed Platforms.ActiveCfg = Release|Any CPU
		{BD3E6BC5-EDBA-44BB-AAD2-EEA8E4EC9F31}.Release|Mixed Platforms.Build.0 = Release|Any CPU
		{BD3E6BC5-EDBA-44BB-AAD2-EEA8E4EC9F31}.Release|x86.ActiveCfg = Release|Any CPU
		{BD3E6BC5-EDBA-44BB-AAD2-EEA8E4EC9F31}.Release|x86.Build.0 = Release|Any CPU
		{C54256D2-1B63-4E11-8DE7-707536F9CCB8}.Debug|Any CPU.ActiveCfg = Debug|Any CPU
		{C54256D2-1B63-4E11-8DE7-707536F9CCB8}.Debug|Any CPU.Build.0 = Debug|Any CPU
		{C54256D2-1B63-4E11-8DE7-707536F9CCB8}.Debug|Any CPU.Deploy.0 = Debug|Any CPU
		{C54256D2-1B63-4E11-8DE7-707536F9CCB8}.Debug|Mixed Platforms.ActiveCfg = Debug|Any CPU
		{C54256D2-1B63-4E11-8DE7-707536F9CCB8}.Debug|Mixed Platforms.Build.0 = Debug|Any CPU
		{C54256D2-1B63-4E11-8DE7-707536F9CCB8}.Debug|x86.ActiveCfg = Debug|Any CPU
		{C54256D2-1B63-4E11-8DE7-707536F9CCB8}.Debug|x86.Build.0 = Debug|Any CPU
		{C54256D2-1B63-4E11-8DE7-707536F9CCB8}.Release|Any CPU.ActiveCfg = Release|Any CPU
		{C54256D2-1B63-4E11-8DE7-707536F9CCB8}.Release|Any CPU.Build.0 = Release|Any CPU
		{C54256D2-1B63-4E11-8DE7-707536F9CCB8}.Release|Mixed Platforms.ActiveCfg = Release|Any CPU
		{C54256D2-1B63-4E11-8DE7-707536F9CCB8}.Release|Mixed Platforms.Build.0 = Release|Any CPU
		{C54256D2-1B63-4E11-8DE7-707536F9CCB8}.Release|x86.ActiveCfg = Release|Any CPU
		{C54256D2-1B63-4E11-8DE7-707536F9CCB8}.Release|x86.Build.0 = Release|Any CPU
		{BA7F08B1-E409-4680-83C3-7D7658843DDD}.Debug|Any CPU.ActiveCfg = Debug|Any CPU
		{BA7F08B1-E409-4680-83C3-7D7658843DDD}.Debug|Any CPU.Build.0 = Debug|Any CPU
		{BA7F08B1-E409-4680-83C3-7D7658843DDD}.Debug|Any CPU.Deploy.0 = Debug|Any CPU
		{BA7F08B1-E409-4680-83C3-7D7658843DDD}.Debug|Mixed Platforms.ActiveCfg = Debug|Any CPU
		{BA7F08B1-E409-4680-83C3-7D7658843DDD}.Debug|Mixed Platforms.Build.0 = Debug|Any CPU
		{BA7F08B1-E409-4680-83C3-7D7658843DDD}.Debug|x86.ActiveCfg = Debug|Any CPU
		{BA7F08B1-E409-4680-83C3-7D7658843DDD}.Debug|x86.Build.0 = Debug|Any CPU
		{BA7F08B1-E409-4680-83C3-7D7658843DDD}.Release|Any CPU.ActiveCfg = Release|Any CPU
		{BA7F08B1-E409-4680-83C3-7D7658843DDD}.Release|Any CPU.Build.0 = Release|Any CPU
		{BA7F08B1-E409-4680-83C3-7D7658843DDD}.Release|Mixed Platforms.ActiveCfg = Release|Any CPU
		{BA7F08B1-E409-4680-83C3-7D7658843DDD}.Release|Mixed Platforms.Build.0 = Release|Any CPU
		{BA7F08B1-E409-4680-83C3-7D7658843DDD}.Release|x86.ActiveCfg = Release|Any CPU
		{BA7F08B1-E409-4680-83C3-7D7658843DDD}.Release|x86.Build.0 = Release|Any CPU
		{5B598F3F-C1E9-4BBC-A389-C4E3829641C9}.Debug|Any CPU.ActiveCfg = Debug|Any CPU
		{5B598F3F-C1E9-4BBC-A389-C4E3829641C9}.Debug|Any CPU.Build.0 = Debug|Any CPU
		{5B598F3F-C1E9-4BBC-A389-C4E3829641C9}.Debug|Any CPU.Deploy.0 = Debug|Any CPU
		{5B598F3F-C1E9-4BBC-A389-C4E3829641C9}.Debug|Mixed Platforms.ActiveCfg = Debug|Any CPU
		{5B598F3F-C1E9-4BBC-A389-C4E3829641C9}.Debug|Mixed Platforms.Build.0 = Debug|Any CPU
		{5B598F3F-C1E9-4BBC-A389-C4E3829641C9}.Debug|x86.ActiveCfg = Debug|Any CPU
		{5B598F3F-C1E9-4BBC-A389-C4E3829641C9}.Debug|x86.Build.0 = Debug|Any CPU
		{5B598F3F-C1E9-4BBC-A389-C4E3829641C9}.Release|Any CPU.ActiveCfg = Release|Any CPU
		{5B598F3F-C1E9-4BBC-A389-C4E3829641C9}.Release|Any CPU.Build.0 = Release|Any CPU
		{5B598F3F-C1E9-4BBC-A389-C4E3829641C9}.Release|Mixed Platforms.ActiveCfg = Release|Any CPU
		{5B598F3F-C1E9-4BBC-A389-C4E3829641C9}.Release|Mixed Platforms.Build.0 = Release|Any CPU
		{5B598F3F-C1E9-4BBC-A389-C4E3829641C9}.Release|x86.ActiveCfg = Release|Any CPU
		{5B598F3F-C1E9-4BBC-A389-C4E3829641C9}.Release|x86.Build.0 = Release|Any CPU
		{41E656E8-841F-410E-8186-96C107351B0B}.Debug|Any CPU.ActiveCfg = Debug|Any CPU
		{41E656E8-841F-410E-8186-96C107351B0B}.Debug|Any CPU.Build.0 = Debug|Any CPU
		{41E656E8-841F-410E-8186-96C107351B0B}.Debug|Any CPU.Deploy.0 = Debug|Any CPU
		{41E656E8-841F-410E-8186-96C107351B0B}.Debug|Mixed Platforms.ActiveCfg = Debug|Any CPU
		{41E656E8-841F-410E-8186-96C107351B0B}.Debug|Mixed Platforms.Build.0 = Debug|Any CPU
		{41E656E8-841F-410E-8186-96C107351B0B}.Debug|x86.ActiveCfg = Debug|Any CPU
		{41E656E8-841F-410E-8186-96C107351B0B}.Debug|x86.Build.0 = Debug|Any CPU
		{41E656E8-841F-410E-8186-96C107351B0B}.Release|Any CPU.ActiveCfg = Release|Any CPU
		{41E656E8-841F-410E-8186-96C107351B0B}.Release|Any CPU.Build.0 = Release|Any CPU
		{41E656E8-841F-410E-8186-96C107351B0B}.Release|Mixed Platforms.ActiveCfg = Release|Any CPU
		{41E656E8-841F-410E-8186-96C107351B0B}.Release|Mixed Platforms.Build.0 = Release|Any CPU
		{41E656E8-841F-410E-8186-96C107351B0B}.Release|x86.ActiveCfg = Release|Any CPU
		{41E656E8-841F-410E-8186-96C107351B0B}.Release|x86.Build.0 = Release|Any CPU
		{2BBF1397-50C5-4E99-9649-FF9E7054AB36}.Debug|Any CPU.ActiveCfg = Debug|Any CPU
		{2BBF1397-50C5-4E99-9649-FF9E7054AB36}.Debug|Any CPU.Build.0 = Debug|Any CPU
		{2BBF1397-50C5-4E99-9649-FF9E7054AB36}.Debug|Any CPU.Deploy.0 = Debug|Any CPU
		{2BBF1397-50C5-4E99-9649-FF9E7054AB36}.Debug|Mixed Platforms.ActiveCfg = Debug|Any CPU
		{2BBF1397-50C5-4E99-9649-FF9E7054AB36}.Debug|Mixed Platforms.Build.0 = Debug|Any CPU
		{2BBF1397-50C5-4E99-9649-FF9E7054AB36}.Debug|x86.ActiveCfg = Debug|Any CPU
		{2BBF1397-50C5-4E99-9649-FF9E7054AB36}.Debug|x86.Build.0 = Debug|Any CPU
		{2BBF1397-50C5-4E99-9649-FF9E7054AB36}.Release|Any CPU.ActiveCfg = Release|Any CPU
		{2BBF1397-50C5-4E99-9649-FF9E7054AB36}.Release|Any CPU.Build.0 = Release|Any CPU
		{2BBF1397-50C5-4E99-9649-FF9E7054AB36}.Release|Mixed Platforms.ActiveCfg = Release|Any CPU
		{2BBF1397-50C5-4E99-9649-FF9E7054AB36}.Release|Mixed Platforms.Build.0 = Release|Any CPU
		{2BBF1397-50C5-4E99-9649-FF9E7054AB36}.Release|x86.ActiveCfg = Release|Any CPU
		{2BBF1397-50C5-4E99-9649-FF9E7054AB36}.Release|x86.Build.0 = Release|Any CPU
		{F14CB0D1-6C9D-442D-82A6-2C96584E4F08}.Debug|Any CPU.ActiveCfg = Debug|Any CPU
		{F14CB0D1-6C9D-442D-82A6-2C96584E4F08}.Debug|Any CPU.Build.0 = Debug|Any CPU
		{F14CB0D1-6C9D-442D-82A6-2C96584E4F08}.Debug|Any CPU.Deploy.0 = Debug|Any CPU
		{F14CB0D1-6C9D-442D-82A6-2C96584E4F08}.Debug|Mixed Platforms.ActiveCfg = Debug|Any CPU
		{F14CB0D1-6C9D-442D-82A6-2C96584E4F08}.Debug|Mixed Platforms.Build.0 = Debug|Any CPU
		{F14CB0D1-6C9D-442D-82A6-2C96584E4F08}.Debug|x86.ActiveCfg = Debug|Any CPU
		{F14CB0D1-6C9D-442D-82A6-2C96584E4F08}.Debug|x86.Build.0 = Debug|Any CPU
		{F14CB0D1-6C9D-442D-82A6-2C96584E4F08}.Release|Any CPU.ActiveCfg = Release|Any CPU
		{F14CB0D1-6C9D-442D-82A6-2C96584E4F08}.Release|Any CPU.Build.0 = Release|Any CPU
		{F14CB0D1-6C9D-442D-82A6-2C96584E4F08}.Release|Mixed Platforms.ActiveCfg = Release|Any CPU
		{F14CB0D1-6C9D-442D-82A6-2C96584E4F08}.Release|Mixed Platforms.Build.0 = Release|Any CPU
		{F14CB0D1-6C9D-442D-82A6-2C96584E4F08}.Release|x86.ActiveCfg = Release|Any CPU
		{F14CB0D1-6C9D-442D-82A6-2C96584E4F08}.Release|x86.Build.0 = Release|Any CPU
		{16EED478-5475-4589-870C-0D81D441A689}.Debug|Any CPU.ActiveCfg = Debug|Any CPU
		{16EED478-5475-4589-870C-0D81D441A689}.Debug|Any CPU.Build.0 = Debug|Any CPU
		{16EED478-5475-4589-870C-0D81D441A689}.Debug|Any CPU.Deploy.0 = Debug|Any CPU
		{16EED478-5475-4589-870C-0D81D441A689}.Debug|Mixed Platforms.ActiveCfg = Debug|Any CPU
		{16EED478-5475-4589-870C-0D81D441A689}.Debug|Mixed Platforms.Build.0 = Debug|Any CPU
		{16EED478-5475-4589-870C-0D81D441A689}.Debug|x86.ActiveCfg = Debug|Any CPU
		{16EED478-5475-4589-870C-0D81D441A689}.Debug|x86.Build.0 = Debug|Any CPU
		{16EED478-5475-4589-870C-0D81D441A689}.Release|Any CPU.ActiveCfg = Release|Any CPU
		{16EED478-5475-4589-870C-0D81D441A689}.Release|Any CPU.Build.0 = Release|Any CPU
		{16EED478-5475-4589-870C-0D81D441A689}.Release|Mixed Platforms.ActiveCfg = Release|Any CPU
		{16EED478-5475-4589-870C-0D81D441A689}.Release|Mixed Platforms.Build.0 = Release|Any CPU
		{16EED478-5475-4589-870C-0D81D441A689}.Release|x86.ActiveCfg = Release|Any CPU
		{16EED478-5475-4589-870C-0D81D441A689}.Release|x86.Build.0 = Release|Any CPU
		{1F442C3D-F715-4D2E-BD2B-0652AD0383E8}.Debug|Any CPU.ActiveCfg = Debug|Any CPU
		{1F442C3D-F715-4D2E-BD2B-0652AD0383E8}.Debug|Any CPU.Build.0 = Debug|Any CPU
		{1F442C3D-F715-4D2E-BD2B-0652AD0383E8}.Debug|Any CPU.Deploy.0 = Debug|Any CPU
		{1F442C3D-F715-4D2E-BD2B-0652AD0383E8}.Debug|Mixed Platforms.ActiveCfg = Debug|Any CPU
		{1F442C3D-F715-4D2E-BD2B-0652AD0383E8}.Debug|Mixed Platforms.Build.0 = Debug|Any CPU
		{1F442C3D-F715-4D2E-BD2B-0652AD0383E8}.Debug|x86.ActiveCfg = Debug|Any CPU
		{1F442C3D-F715-4D2E-BD2B-0652AD0383E8}.Debug|x86.Build.0 = Debug|Any CPU
		{1F442C3D-F715-4D2E-BD2B-0652AD0383E8}.Release|Any CPU.ActiveCfg = Release|Any CPU
		{1F442C3D-F715-4D2E-BD2B-0652AD0383E8}.Release|Any CPU.Build.0 = Release|Any CPU
		{1F442C3D-F715-4D2E-BD2B-0652AD0383E8}.Release|Mixed Platforms.ActiveCfg = Release|Any CPU
		{1F442C3D-F715-4D2E-BD2B-0652AD0383E8}.Release|Mixed Platforms.Build.0 = Release|Any CPU
		{1F442C3D-F715-4D2E-BD2B-0652AD0383E8}.Release|x86.ActiveCfg = Release|Any CPU
		{1F442C3D-F715-4D2E-BD2B-0652AD0383E8}.Release|x86.Build.0 = Release|Any CPU
		{2C7BDE6F-433C-4AF2-B82F-A4AD26BD0301}.Debug|Any CPU.ActiveCfg = Debug|Any CPU
		{2C7BDE6F-433C-4AF2-B82F-A4AD26BD0301}.Debug|Any CPU.Build.0 = Debug|Any CPU
		{2C7BDE6F-433C-4AF2-B82F-A4AD26BD0301}.Debug|Any CPU.Deploy.0 = Debug|Any CPU
		{2C7BDE6F-433C-4AF2-B82F-A4AD26BD0301}.Debug|Mixed Platforms.ActiveCfg = Debug|Any CPU
		{2C7BDE6F-433C-4AF2-B82F-A4AD26BD0301}.Debug|Mixed Platforms.Build.0 = Debug|Any CPU
		{2C7BDE6F-433C-4AF2-B82F-A4AD26BD0301}.Debug|x86.ActiveCfg = Debug|Any CPU
		{2C7BDE6F-433C-4AF2-B82F-A4AD26BD0301}.Debug|x86.Build.0 = Debug|Any CPU
		{2C7BDE6F-433C-4AF2-B82F-A4AD26BD0301}.Release|Any CPU.ActiveCfg = Release|Any CPU
		{2C7BDE6F-433C-4AF2-B82F-A4AD26BD0301}.Release|Any CPU.Build.0 = Release|Any CPU
		{2C7BDE6F-433C-4AF2-B82F-A4AD26BD0301}.Release|Mixed Platforms.ActiveCfg = Release|Any CPU
		{2C7BDE6F-433C-4AF2-B82F-A4AD26BD0301}.Release|Mixed Platforms.Build.0 = Release|Any CPU
		{2C7BDE6F-433C-4AF2-B82F-A4AD26BD0301}.Release|x86.ActiveCfg = Release|Any CPU
		{2C7BDE6F-433C-4AF2-B82F-A4AD26BD0301}.Release|x86.Build.0 = Release|Any CPU
	EndGlobalSection
	GlobalSection(SolutionProperties) = preSolution
		HideSolutionNode = FALSE
	EndGlobalSection
	GlobalSection(NestedProjects) = preSolution
		{BBF69390-4C62-43A3-8F2A-0EEC579F21F0} = {82E59041-71D9-420E-B3FE-836243B81E1E}
		{831CCCF7-8F8D-434D-809A-F2995A5B5730} = {E18A1204-A865-4BF7-A0C7-5E04A16FF470}
		{72D2D0F4-3E30-46E3-8EF9-392DDAF77EBE} = {D743A47B-F613-4E69-85C7-E41D306D7106}
		{29261BF0-47B8-48FA-851F-E24158069228} = {10350B80-90E2-4704-8BCA-40725890525F}
		{8CD6A83E-A425-417E-BD8E-8C2CFB0B4CB4} = {B8996D87-8687-4A9C-91FB-7DB4FD6CFA2A}
		{105B4678-62F3-49BC-AE86-9ED8F0A00D1F} = {082CD7FB-C419-4627-845B-E519DB244B05}
		{565DC80C-9F37-4FF4-9E39-A06BF880C64C} = {C2E88F6F-808F-4152-ABF6-175E41003563}
		{AC24642E-E6DA-47D7-B4F5-9F12F35BE78A} = {50ED6D3E-6A87-4075-91A3-A9C36902AFDA}
		{79372BE0-C1EC-4AC7-8481-6AB20013FC35} = {8613421C-B64B-409C-905B-A0AAD03EAEB8}
		{D32F7103-5F7B-4880-8C80-B17570F4380D} = {9E11B915-F2F4-4575-B498-366E71919991}
		{F6428AF2-EC4B-4FB7-AB15-71CCD0B67985} = {EE88F7AB-FF9F-4528-A144-DC309F889CFA}
		{25442BC4-A47A-440D-B87B-C628BC4A9F74} = {88D613DD-6E1E-46E7-A420-B6BA9FDDE66D}
		{CEC7105C-617B-4C4F-8654-A65718AE7217} = {8A381BBE-FF18-4E72-9FCA-B6175AED492C}
		{FB02A7ED-4CAF-43FD-A91F-DC0EEB8597CB} = {E1FAB84F-2D43-456A-82E8-91F05F38619F}
		{46810344-EB9D-47DD-A7F1-CAD71E702B59} = {BCE79E18-0CA0-4773-835D-D03155FB7288}
		{2F9EEB9E-D4F0-4C17-B159-D6D66410A2CC} = {02AF3CD8-EA71-46FD-B16D-04DE6B9227CA}
		{A9601FA8-73EC-401D-89B1-4405F155928C} = {AFDBF25F-ABC5-4A4B-91C7-F910573939AD}
		{798D429C-E6C4-452D-922D-EC0EB23CAF13} = {EDDEAD23-FA0A-4FA9-9C2B-31EB80073BC4}
		{BBC754AC-3108-41DC-BD6A-314F2379F101} = {2F0EDA4D-FC32-43C8-80E1-BA272A916493}
		{B6E0EB06-49A6-47C3-A47E-E850F0053FB2} = {4D556A43-DEC3-43D1-930A-A7511379D918}
		{63FF6729-1B79-451B-8831-20629616EEAA} = {5AFF6A5A-782C-462C-8CFF-9C8DB04844AB}
		{E2E681A1-59E1-44E5-8D08-F0BCA48951BC} = {C9A566DC-276B-4FDF-BC54-B14094528CAA}
		{F969B9F2-D1CE-4DF4-9E09-2E098ADE665A} = {4ECA0E95-D92B-4AD6-9187-C4BA9824A615}
		{17108484-8789-4439-9C53-A2AFAEEB54BE} = {A010BAF1-2220-49A3-B478-15E05FE8B3EC}
		{B8ECB2CF-11CF-4C06-A817-CC7700360168} = {72B972B7-1631-4B3F-B913-FD71166C06AC}
		{E0526237-4F52-4A82-9433-9308431F1214} = {2C71582F-14CE-4A63-A4EB-59991E12E1C1}
		{5BCDA33E-90D7-462E-8B4D-768258C92BBB} = {D357C67E-69E5-4D82-8A79-7561D17283A8}
		{ABF79BD5-8EA2-4F42-9C1A-41AFC3A6EAEB} = {707C0069-0ABE-450E-A8F4-10A080AC1B00}
		{8EFE2319-3D0D-4E57-B25F-02E6401FC45F} = {FF35EA4A-5CF5-4B70-BF82-D68A11AC1FD8}
		{94AA6C5B-5A98-492D-B79E-23C1437EDA8B} = {7D63307D-7376-4065-BCDD-0698A4495D82}
		{F54C544C-716D-477C-A7D0-6AAE6F04902D} = {6C1A179F-2671-4A45-A898-585AE8AD06BF}
		{D72E15FF-84F3-41E2-AC15-F8BAFA7FFBD4} = {79C8E761-03A5-46D3-A7FB-E6ACF1931820}
		{E406EED1-8BE6-4BB1-A498-1FCF485D19B3} = {161F1A59-9B46-4CCB-A2A8-FA0A261FC7EB}
		{B925A846-5EDE-436F-B217-6B35DAF5AFA1} = {2F73834C-B482-47DC-935B-AC04B7D1ED70}
		{F99B3A2B-8E77-4A8E-AD2B-C43C65153C9B} = {E8FB2C71-6BCF-48F9-9883-0517514009EA}
		{CC0BB903-7EA1-4C44-BD4E-FCBE41CE7B20} = {9B0A9511-41D0-40EB-95D5-ADD34F23D232}
		{F8B3DE4F-9D4F-48EC-944C-31D0D81DB516} = {137A8D92-810B-4CD6-A0BF-0F9F516254B8}
		{30556790-B657-4468-8022-4EFE710C5235} = {C9267962-0CE4-4904-A4AC-08F4736C8E8D}
		{CF1D2665-E746-48F0-AAC8-81086EB3FF86} = {89AF19A5-8681-4AAE-8C34-FF81C407871B}
		{3CCD2F7A-E97F-4BBE-82AF-C5F356E93F9B} = {C2E88F6F-808F-4152-ABF6-175E41003563}
		{020C3855-223E-4260-9146-F0C9DD5028A9} = {E1FAB84F-2D43-456A-82E8-91F05F38619F}
		{1A7056DC-FF2D-4CBB-87DC-CB41AF30E550} = {EE88F7AB-FF9F-4528-A144-DC309F889CFA}
		{54CE0B18-46F8-4586-A40A-A77F8FA7FB2D} = {2F0EDA4D-FC32-43C8-80E1-BA272A916493}
		{A02478D2-6CB3-420F-88A8-FDD7FDF78FC9} = {2F73834C-B482-47DC-935B-AC04B7D1ED70}
		{A329C83F-A3D5-4691-817F-E515E9646590} = {9E11B915-F2F4-4575-B498-366E71919991}
		{39ACBAF9-6225-4687-9A73-B0983C61E6CD} = {9B0A9511-41D0-40EB-95D5-ADD34F23D232}
		{DBB3C3D2-1A10-48D7-A8BC-071ED81CCBF7} = {72B972B7-1631-4B3F-B913-FD71166C06AC}
		{6BC95B6A-1ADE-4DE2-A7F9-D1015797A7FD} = {161F1A59-9B46-4CCB-A2A8-FA0A261FC7EB}
		{E3BE0D8C-6734-4152-9D7D-91C7080ED496} = {7D63307D-7376-4065-BCDD-0698A4495D82}
		{052C67A3-8C89-4D2D-8167-92E2D30974D0} = {8A381BBE-FF18-4E72-9FCA-B6175AED492C}
		{3951CEC5-D1AD-47E4-A4F3-48FE2EEC398B} = {88D613DD-6E1E-46E7-A420-B6BA9FDDE66D}
		{83D23E6C-AE22-4601-BEF7-8CD2CC8B18F0} = {BCE79E18-0CA0-4773-835D-D03155FB7288}
		{0353823B-EF18-461A-8BC7-ED633076F894} = {707C0069-0ABE-450E-A8F4-10A080AC1B00}
		{8C19C0BD-A441-46C2-9A35-F2AE0685BDD4} = {2C71582F-14CE-4A63-A4EB-59991E12E1C1}
		{C2F83EF0-BD91-4782-AE88-1564B639A4A0} = {02AF3CD8-EA71-46FD-B16D-04DE6B9227CA}
		{E7F67E6C-21EB-4398-9700-46339E77E4A0} = {50ED6D3E-6A87-4075-91A3-A9C36902AFDA}
		{4B8A886F-BC5C-4494-8DE3-7283C443BE68} = {EDDEAD23-FA0A-4FA9-9C2B-31EB80073BC4}
		{BD3E6BC5-EDBA-44BB-AAD2-EEA8E4EC9F31} = {AFDBF25F-ABC5-4A4B-91C7-F910573939AD}
		{C54256D2-1B63-4E11-8DE7-707536F9CCB8} = {137A8D92-810B-4CD6-A0BF-0F9F516254B8}
		{BA7F08B1-E409-4680-83C3-7D7658843DDD} = {C9A566DC-276B-4FDF-BC54-B14094528CAA}
		{5B598F3F-C1E9-4BBC-A389-C4E3829641C9} = {8613421C-B64B-409C-905B-A0AAD03EAEB8}
		{41E656E8-841F-410E-8186-96C107351B0B} = {C9267962-0CE4-4904-A4AC-08F4736C8E8D}
		{2BBF1397-50C5-4E99-9649-FF9E7054AB36} = {FF35EA4A-5CF5-4B70-BF82-D68A11AC1FD8}
		{F14CB0D1-6C9D-442D-82A6-2C96584E4F08} = {79C8E761-03A5-46D3-A7FB-E6ACF1931820}
	EndGlobalSection
EndGlobal
